// !$*UTF8*$!
{
	archiveVersion = 1;
	classes = {
	};
	objectVersion = 77;
	objects = {

/* Begin PBXBuildFile section */
		007E19463129031B7CB4984C /* badge_rules.json in Resources */ = {isa = PBXBuildFile; fileRef = 784F8917C9890ED504C4BDFD /* badge_rules.json */; };
		04A6DF8D691B32A94D7C445A /* CourseEngine.swift in Sources */ = {isa = PBXBuildFile; fileRef = F4096E33EEA85FA3A5E8C96B /* CourseEngine.swift */; };
		05ECEC92388D8CA91BEABAD1 /* TheoryAssessmentModels.swift in Sources */ = {isa = PBXBuildFile; fileRef = 3BBFF70D43BAFE553153F9DD /* TheoryAssessmentModels.swift */; };
		0824E2396A9F1629BFD2B4E8 /* headband.usdz in CopyFiles */ = {isa = PBXBuildFile; fileRef = 2C49E5952EB4D31B07826293 /* headband.usdz */; };
		08C51299235D3B308BA92E67 /* ClinicalContentAndExportTests.swift in Sources */ = {isa = PBXBuildFile; fileRef = 23D300E714D9A79713F4FBE5 /* ClinicalContentAndExportTests.swift */; };
		0A73E9810163DB68D273F78F /* SwiftDataModels.swift in Sources */ = {isa = PBXBuildFile; fileRef = 1B80330B316C610B9D0D074C /* SwiftDataModels.swift */; };
		0BCF139548925253D9BCB44E /* badge_m04.usdz in CopyFiles */ = {isa = PBXBuildFile; fileRef = 685BB65B1E91F1215C81DBD3 /* badge_m04.usdz */; };
		0BF6C30E7AF11CCDF9ABAAB1 /* CPRPracticeView.swift in Sources */ = {isa = PBXBuildFile; fileRef = 5DDBD4AFC87AA6D056BBF533 /* CPRPracticeView.swift */; };
		0D7AA9BCD88FC1004082E9F7 /* practice-window-frame.usdz in CopyFiles */ = {isa = PBXBuildFile; fileRef = 69129AC42D7A667290927254 /* practice-window-frame.usdz */; };
		11B7B7F26E4B2ADF114A7BE5 /* portal_m08.usdz in CopyFiles */ = {isa = PBXBuildFile; fileRef = AE743265CCCE9DB45DC7CEC4 /* portal_m08.usdz */; };
		145E09B9ED5EAD7463C763B5 /* portal_m05.usdz in CopyFiles */ = {isa = PBXBuildFile; fileRef = C4EF94E06BDA5FE33B1AEC67 /* portal_m05.usdz */; };
		14B8188F6AD841751980CE1B /* LifesaverVisionUITests.swift in Sources */ = {isa = PBXBuildFile; fileRef = 088100D062186324E946AF5F /* LifesaverVisionUITests.swift */; };
		160B2F2C9ADE7632E096F59F /* PrivacyOperationsService.swift in Sources */ = {isa = PBXBuildFile; fileRef = 19877746B26D84DB5595FE69 /* PrivacyOperationsService.swift */; };
		1A74044870428D8E76B01D21 /* theatre-environment.usdz in CopyFiles */ = {isa = PBXBuildFile; fileRef = CDAE970EAD4B1268CE958205 /* theatre-environment.usdz */; };
		1AAC5B15D7A2A0E090C767C5 /* badge_m09.usdz in CopyFiles */ = {isa = PBXBuildFile; fileRef = 6BE50147D9102789DAE73E4E /* badge_m09.usdz */; };
		1B114FB5916247C9783D014A /* gesture-practice-ring.usdz in CopyFiles */ = {isa = PBXBuildFile; fileRef = DA592D109B2211FDD5F0B0EE /* gesture-practice-ring.usdz */; };
		1EBA1C3D2C85D30C36F109EC /* capstone-environment.usdz in CopyFiles */ = {isa = PBXBuildFile; fileRef = 1A5A7145365225F10572F0F7 /* capstone-environment.usdz */; };
		1F4D323D9AE81F20A41C1BD9 /* CourseModels.swift in Sources */ = {isa = PBXBuildFile; fileRef = 4E25577CD11456085CA5FC06 /* CourseModels.swift */; };
		1FE8BE02C997E2EE01DC55C1 /* control-panel.usdz in CopyFiles */ = {isa = PBXBuildFile; fileRef = 7CB39074CAF931A021A3F442 /* control-panel.usdz */; };
		21133F968EE8435B7D66D722 /* LearningEventModels.swift in Sources */ = {isa = PBXBuildFile; fileRef = A0DA25F32967757121DF6A50 /* LearningEventModels.swift */; };
		2214C2287D36076C6715BBEC /* SimulationSpaceRootView.swift in Sources */ = {isa = PBXBuildFile; fileRef = 3D2C956BBD135F60A883C223 /* SimulationSpaceRootView.swift */; };
		226271939940DE8C52BF5A0E /* ApplicationProtocols.swift in Sources */ = {isa = PBXBuildFile; fileRef = DB20949E05C50D2E813FD3B6 /* ApplicationProtocols.swift */; };
		24FC188AD185A6E0295B81E4 /* badge_m05.usdz in CopyFiles */ = {isa = PBXBuildFile; fileRef = CC9BFAACCFD6DE72A686EF37 /* badge_m05.usdz */; };
		25E2E6ABF69D8A3BBFBAA1A3 /* CLINICAL_FACTS_EXTRACT.json in Resources */ = {isa = PBXBuildFile; fileRef = 624B50D487DE0A63705BF569 /* CLINICAL_FACTS_EXTRACT.json */; };
		2689B063C77FD3438F4A1995 /* ScenePlacement.swift in Sources */ = {isa = PBXBuildFile; fileRef = F203CE2E4036DCC849CA06BC /* ScenePlacement.swift */; };
		2756E5E8B97FAAC484520FEC /* portal_m07.usdz in CopyFiles */ = {isa = PBXBuildFile; fileRef = F29880C9F5A6D6BB81F9FE7F /* portal_m07.usdz */; };
		2A611C32864BAB776D35FCFC /* AuthenticationAndReportTests.swift in Sources */ = {isa = PBXBuildFile; fileRef = 7FCAE7B9F3C70C6F8FCD16F3 /* AuthenticationAndReportTests.swift */; };
		2CD8857302B9E609DCFBB356 /* PersistenceBootstrap.swift in Sources */ = {isa = PBXBuildFile; fileRef = 6F67C420CD18EFAD3A3FFF70 /* PersistenceBootstrap.swift */; };
		31C02E12B4F9F786DD227D62 /* ContentVersionService.swift in Sources */ = {isa = PBXBuildFile; fileRef = 9FD4D21E092ACBB990924248 /* ContentVersionService.swift */; };
		329A16FB9956C1AB206E861E /* PrivacyOperationsTests.swift in Sources */ = {isa = PBXBuildFile; fileRef = 252A06BBC531386D696A0CCB /* PrivacyOperationsTests.swift */; };
		3ACD0508003BF210EAF23BDA /* accessibility-audio-beacon.usdz in CopyFiles */ = {isa = PBXBuildFile; fileRef = 929D2F241008B89500E84D6D /* accessibility-audio-beacon.usdz */; };
		3B3B592B2F1EFECA1B2DF4EC /* CourseCatalogueView.swift in Sources */ = {isa = PBXBuildFile; fileRef = FC7A5D70E5C28C746F8B6EC8 /* CourseCatalogueView.swift */; };
		413FD267FF2B4839A5ED4E4D /* portal_m01.usdz in CopyFiles */ = {isa = PBXBuildFile; fileRef = 33A37D45368C15817723F3A5 /* portal_m01.usdz */; };
		42D98BA330F082196B3A0772 /* badge_m13.usdz in CopyFiles */ = {isa = PBXBuildFile; fileRef = DAD295E32AFD0D478C07E3CE /* badge_m13.usdz */; };
		44250EB882FD971F6F235D37 /* SwiftDataRepositoryTests.swift in Sources */ = {isa = PBXBuildFile; fileRef = 0CC4C141810AE13647635AE6 /* SwiftDataRepositoryTests.swift */; };
		4938ACA0E09A4879C6D14E50 /* portal_m03.usdz in CopyFiles */ = {isa = PBXBuildFile; fileRef = 4CEC9CC1BB7E32287F1918D8 /* portal_m03.usdz */; };
		4CBE4FB5C5E5C433C41AF551 /* SettingsView.swift in Sources */ = {isa = PBXBuildFile; fileRef = A75B557DE09FD3DBDC1E12D4 /* SettingsView.swift */; };
		4D0C4B048551D5D58293FF62 /* PrivacyInfo.xcprivacy in Resources */ = {isa = PBXBuildFile; fileRef = 2C165DDD143CB188C78CE1C7 /* PrivacyInfo.xcprivacy */; };
		505DF9290C93533424D131AB /* Phase3BSchemaTests.swift in Sources */ = {isa = PBXBuildFile; fileRef = 98267160BB6426E0ED88E1E7 /* Phase3BSchemaTests.swift */; };
		51A916AC0E3B1AFA8716C737 /* portal_m10.usdz in CopyFiles */ = {isa = PBXBuildFile; fileRef = 48C36747C53B434BB3EEF034 /* portal_m10.usdz */; };
		53204590BFE3F819C311F647 /* AuditAndSyncTests.swift in Sources */ = {isa = PBXBuildFile; fileRef = 41DBB075E1734C0C1C9C1BE5 /* AuditAndSyncTests.swift */; };
		55F54844E539B713CB9D405A /* CourseContentValidationTests.swift in Sources */ = {isa = PBXBuildFile; fileRef = 97CE72015BC303A436C9AEAE /* CourseContentValidationTests.swift */; };
		5E2AC697B07D0A98C90CB0C9 /* SpatialRealityKit.swift in Sources */ = {isa = PBXBuildFile; fileRef = FB1547039F983C313AA2675E /* SpatialRealityKit.swift */; };
		5EEC07059F94EEE3B289D215 /* badge_m02.usdz in CopyFiles */ = {isa = PBXBuildFile; fileRef = D340CF4DB172C5FBBB51CC5A /* badge_m02.usdz */; };
		6344665CC8768E7C7E8E6A6F /* achievement-vault-environment.usdz in CopyFiles */ = {isa = PBXBuildFile; fileRef = 00E766E08ED7FE94AE693981 /* achievement-vault-environment.usdz */; };
		66727961FCADD16E8DCD0FCE /* AdministrationView.swift in Sources */ = {isa = PBXBuildFile; fileRef = 4288F4CE5F165813FEE282B1 /* AdministrationView.swift */; };
		67651DBFFA041440042D1829 /* QuizSessionView.swift in Sources */ = {isa = PBXBuildFile; fileRef = 60B2074500AA47F88C3F143E /* QuizSessionView.swift */; };
		6B0F0F2D244065C526EC2374 /* AssetRegistry.swift in Sources */ = {isa = PBXBuildFile; fileRef = D7D7FEBFB29DD1315ECDB39D /* AssetRegistry.swift */; };
		72C48BE8A6A9E9F859CABD08 /* portal_m06.usdz in CopyFiles */ = {isa = PBXBuildFile; fileRef = 0C22858BC202ECBC898A8D72 /* portal_m06.usdz */; };
		7389362516790AC425BB6BA9 /* portal_m14.usdz in CopyFiles */ = {isa = PBXBuildFile; fileRef = E7D926027C6CFE136CEFF917 /* portal_m14.usdz */; };
		745ECE701565EDEBD7A4F820 /* RealityKitContent in Frameworks */ = {isa = PBXBuildFile; productRef = 176AB6C8009589981ABC8AA6 /* RealityKitContent */; };
		74C6876CEE0B238317F4286C /* GamificationView.swift in Sources */ = {isa = PBXBuildFile; fileRef = 95C6FF488A48BEF60D4365AB /* GamificationView.swift */; };
		7A7D59D5D212352FDFFF002C /* theory_questions_v1.json in Resources */ = {isa = PBXBuildFile; fileRef = EEF77B06DFCFF1E1B8CAD828 /* theory_questions_v1.json */; };
		7D08CD511D4C00D9905DFDBD /* ClinicalSafetyValidator.swift in Sources */ = {isa = PBXBuildFile; fileRef = 55A97ECE5205E7A39EC1D407 /* ClinicalSafetyValidator.swift */; };
		80470F2BE3E7E02110AC9AE2 /* AEDPracticeView.swift in Sources */ = {isa = PBXBuildFile; fileRef = FBF3643E671D034583F581EB /* AEDPracticeView.swift */; };
		85D58EBAF4813AC1D590662F /* headset-mockup.usdz in CopyFiles */ = {isa = PBXBuildFile; fileRef = 72821286361F6A4D114AE385 /* headset-mockup.usdz */; };
		8845E502966B83A1DCBD4E1F /* portal_m09.usdz in CopyFiles */ = {isa = PBXBuildFile; fileRef = 9FD3831E824DC288873D6B1C /* portal_m09.usdz */; };
		88FB2708131C5D6BED1433B3 /* battery-prop.usdz in CopyFiles */ = {isa = PBXBuildFile; fileRef = 9C2ADD08B1DC4DD541D992AE /* battery-prop.usdz */; };
		89DCBC5D348AABEAEE3FF85A /* ClinicalContentModels.swift in Sources */ = {isa = PBXBuildFile; fileRef = 412F10989BC2B1E1186ADE8C /* ClinicalContentModels.swift */; };
		8D68767498262C9A01AA74A6 /* ScenariosView.swift in Sources */ = {isa = PBXBuildFile; fileRef = 8B7788B494A1474F6109D2E0 /* ScenariosView.swift */; };
		8F58CDE04AA6842076F84634 /* observatory-environment.usdz in CopyFiles */ = {isa = PBXBuildFile; fileRef = 1369FBCCA665CD89E756F059 /* observatory-environment.usdz */; };
		91AFB7CC00E0D35B4427EB44 /* ScoringEngine.swift in Sources */ = {isa = PBXBuildFile; fileRef = 9AAEC527E57ED3C59CEFECE2 /* ScoringEngine.swift */; };
		9552FA0E8426A2CD66A7F4D9 /* test_traceability_generator.py in Resources */ = {isa = PBXBuildFile; fileRef = 1CFD2BFF9AF0F7F90B7911D9 /* test_traceability_generator.py */; };
		9D8FEDD3CD379DE9B8F23302 /* badge_m08.usdz in CopyFiles */ = {isa = PBXBuildFile; fileRef = 739881DB3EE75C9910599D54 /* badge_m08.usdz */; };
		9DC84AE15CC29590B0D83D06 /* SpatialAccessibility.swift in Sources */ = {isa = PBXBuildFile; fileRef = 8C003D64334B45957501A233 /* SpatialAccessibility.swift */; };
		9EFC3F407CE5182E6899D6DA /* light-seal-cushion.usdz in CopyFiles */ = {isa = PBXBuildFile; fileRef = 6DECD0FACE0657994D9A9F2E /* light-seal-cushion.usdz */; };
		9FAA99544BBBDF5053798B50 /* accessibility-text-block.usdz in CopyFiles */ = {isa = PBXBuildFile; fileRef = 0BBD008FC1BF4E6102D306C0 /* accessibility-text-block.usdz */; };
		A1CC684DBDA6ED7DCE94AEE3 /* GamificationModels.swift in Sources */ = {isa = PBXBuildFile; fileRef = 09E3DE65241A278B4935FB43 /* GamificationModels.swift */; };
		A1F1526A7F1EDBC8344A04B6 /* LocalAuthenticationService.swift in Sources */ = {isa = PBXBuildFile; fileRef = E9C327C0164543F660D42C98 /* LocalAuthenticationService.swift */; };
		A4052F18CDF3271EECDDD5D6 /* portal_m12.usdz in CopyFiles */ = {isa = PBXBuildFile; fileRef = 3948FE732BEB67AC7E55DF99 /* portal_m12.usdz */; };
		A5A61C60D0423286BCA40725 /* AuthenticationView.swift in Sources */ = {isa = PBXBuildFile; fileRef = 19DF7FD751A607D822ACA9E0 /* AuthenticationView.swift */; };
		A7023ABF38CEC51E560B0F6D /* AppleCredentialStateProvider.swift in Sources */ = {isa = PBXBuildFile; fileRef = F3528BDD94D2143F8CB99F69 /* AppleCredentialStateProvider.swift */; };
		AB21B67FA0F569740D45533F /* portal_m04.usdz in CopyFiles */ = {isa = PBXBuildFile; fileRef = 60FC64A2111F381C8410CA68 /* portal_m04.usdz */; };
		AE47F6695CB5AC73BF5D6031 /* GamificationEngine.swift in Sources */ = {isa = PBXBuildFile; fileRef = AF2CECDD36F556E590240A07 /* GamificationEngine.swift */; };
		AFC82F233B3E122B7FEA48F8 /* PrivacyModels.swift in Sources */ = {isa = PBXBuildFile; fileRef = 24C263828A3A8EBF2DAEB664 /* PrivacyModels.swift */; };
		AFF03048BB35D9490863D65E /* KeychainStore.swift in Sources */ = {isa = PBXBuildFile; fileRef = 55C2483F4B9D5E2A0546A72F /* KeychainStore.swift */; };
		B44A0791971545943F837DC6 /* scenarios_v1.json in Resources */ = {isa = PBXBuildFile; fileRef = D2D474372E0E4AC940131C54 /* scenarios_v1.json */; };
		B629B6D72F0419BF48541F7E /* ScoringModels.swift in Sources */ = {isa = PBXBuildFile; fileRef = 99909D20EFD397C60F85B357 /* ScoringModels.swift */; };
		B6391F9598B21C3BF141BDBF /* badge_m12.usdz in CopyFiles */ = {isa = PBXBuildFile; fileRef = 91BA3A490C611F0B93BB8E14 /* badge_m12.usdz */; };
		B7D83DFFB99193477D5E3ED8 /* SpatialLaboratoryView.swift in Sources */ = {isa = PBXBuildFile; fileRef = 1332AC8581AF5C4C69654B21 /* SpatialLaboratoryView.swift */; };
		B8EFF88EFCD81430447C537A /* AudioDirector.swift in Sources */ = {isa = PBXBuildFile; fileRef = 7BB18FB85B195587F2494CA4 /* AudioDirector.swift */; };
		BA4F3B59C9CE91156138BA28 /* badge_m14.usdz in CopyFiles */ = {isa = PBXBuildFile; fileRef = 9EBC6F5CB1D2796962C0CAE4 /* badge_m14.usdz */; };
		BBA818EF65FC6B2C4EB5D1FC /* LMSExportDocument.swift in Sources */ = {isa = PBXBuildFile; fileRef = E2B019E9C96D12A7C3F41A42 /* LMSExportDocument.swift */; };
		BBE811FE446E1AB7EDF5848A /* AppModel.swift in Sources */ = {isa = PBXBuildFile; fileRef = AA008142D9428529D8C9B406 /* AppModel.swift */; };
		BC16BCB5D0D1FFE8DB26B6B6 /* certificate-pedestal.usdz in CopyFiles */ = {isa = PBXBuildFile; fileRef = 9522AE588829AB168B6F8CB5 /* certificate-pedestal.usdz */; };
		BD75CE08005441F44FD239B4 /* Phase3BContentModels.swift in Sources */ = {isa = PBXBuildFile; fileRef = 8AC16D6AB24D8BEE3468E55D /* Phase3BContentModels.swift */; };
		BE7AF60656B0432F667F75B0 /* DashboardRootView.swift in Sources */ = {isa = PBXBuildFile; fileRef = 5242B8035CE0851ED08BC8E2 /* DashboardRootView.swift */; };
		BF3616F7AEED1DC675E0E857 /* badge_m06.usdz in CopyFiles */ = {isa = PBXBuildFile; fileRef = FD3DFCE31BCC2DCDE562BB48 /* badge_m06.usdz */; };
		BFDFC3D2C7F42382E07C8FAD /* HandTrackingService.swift in Sources */ = {isa = PBXBuildFile; fileRef = 92385E507D55CA1777A3F4C7 /* HandTrackingService.swift */; };
		C3ABBE1F8A77B172707C8090 /* accessibility-switch-puck.usdz in CopyFiles */ = {isa = PBXBuildFile; fileRef = 0694581CDDC98A836FB0BE35 /* accessibility-switch-puck.usdz */; };
		C49B9CA123EA670BF0629C76 /* badge_m03.usdz in CopyFiles */ = {isa = PBXBuildFile; fileRef = A870587E55E2FE0BA3AD126F /* badge_m03.usdz */; };
		C95E563C97CB50F0AAB93400 /* OfflineFirstSyncService.swift in Sources */ = {isa = PBXBuildFile; fileRef = C2FD9ED93E2327ADBB08FEDC /* OfflineFirstSyncService.swift */; };
		CA139B195F3BBCC078CACADD /* AuthenticationModel.swift in Sources */ = {isa = PBXBuildFile; fileRef = CA757C1AD1292C2B8B01A5D0 /* AuthenticationModel.swift */; };
		CB6E97C80155292C75B86C0D /* constellation-star.usdz in CopyFiles */ = {isa = PBXBuildFile; fileRef = C4F7E0CBE554C93FCE3AA925 /* constellation-star.usdz */; };
		CDE5B4858B2FE516B5BC1E3E /* TheoryLearningView.swift in Sources */ = {isa = PBXBuildFile; fileRef = 9F17515043A751995B34EA45 /* TheoryLearningView.swift */; };
		D02C663BCD1B767798DD645C /* ScoringAndGamificationTests.swift in Sources */ = {isa = PBXBuildFile; fileRef = 5376DB64FAF7B8041BB452BE /* ScoringAndGamificationTests.swift */; };
		D0BB61CFD188CA0014CA1EB8 /* AssessmentView.swift in Sources */ = {isa = PBXBuildFile; fileRef = 7EB61FE610FCF3F623AF4519 /* AssessmentView.swift */; };
		D585502CA819241FB38649A3 /* DashboardView.swift in Sources */ = {isa = PBXBuildFile; fileRef = 84C7C5D4BF061AE518210DAA /* DashboardView.swift */; };
		D5B918910544D69F1C0C48CA /* safety-props-set.usdz in CopyFiles */ = {isa = PBXBuildFile; fileRef = 23C75D3A9002A0E5847005E9 /* safety-props-set.usdz */; };
		D80E6F09DE8EC271721A1606 /* portal_m02.usdz in CopyFiles */ = {isa = PBXBuildFile; fileRef = 24D4C90B4B23F040FB3F2DD4 /* portal_m02.usdz */; };
		D885B9FBF5795FA8A0D8D7F6 /* gesture-practice-cube.usdz in CopyFiles */ = {isa = PBXBuildFile; fileRef = CC112D62BA9076D4925F5AC4 /* gesture-practice-cube.usdz */; };
		D9500CF7E7B81089878BA06A /* companion-orb-bot.usdz in CopyFiles */ = {isa = PBXBuildFile; fileRef = B741F4D4C3E8D5B7B243F6AC /* companion-orb-bot.usdz */; };
		DF15FED05D3F886661AA13A1 /* portal_m13.usdz in CopyFiles */ = {isa = PBXBuildFile; fileRef = C5848F6DF8941B25002F278E /* portal_m13.usdz */; };
		DF85D43B3D24671C10922DF4 /* LifesaverVisionApp.swift in Sources */ = {isa = PBXBuildFile; fileRef = 353CA1EBE9AF3912F64E7C52 /* LifesaverVisionApp.swift */; };
		E190871532CA1C2BF590E1D4 /* CohortReportExportService.swift in Sources */ = {isa = PBXBuildFile; fileRef = E06E4AB1904AE4C0999D10A3 /* CohortReportExportService.swift */; };
		E41687B450E341677693DA6F /* badge_m07.usdz in CopyFiles */ = {isa = PBXBuildFile; fileRef = B4E61FC9FD8D914F78804DCF /* badge_m07.usdz */; };
		E60D2A9741942EE941E428E1 /* gesture-practice-orb.usdz in CopyFiles */ = {isa = PBXBuildFile; fileRef = E6BA216F315C4505E8659B8F /* gesture-practice-orb.usdz */; };
		E78EF4E7D132349712AB38A3 /* RealityKitAssetTests.swift in Sources */ = {isa = PBXBuildFile; fileRef = FB730BB4FFA4A509C7852563 /* RealityKitAssetTests.swift */; };
		E79E1934814928D371DC6631 /* .gitkeep in Resources */ = {isa = PBXBuildFile; fileRef = 508127EED3172A0D03AD2283 /* .gitkeep */; };
		E80AC71772F31DD2162EB8AF /* TheoryAssessmentEngine.swift in Sources */ = {isa = PBXBuildFile; fileRef = 6322623C46BC39DEF7B9137A /* TheoryAssessmentEngine.swift */; };
		E8EF0E01D5068356283B85B5 /* ModulePresentationAccessTests.swift in Sources */ = {isa = PBXBuildFile; fileRef = 9F81AEC93B7E92D3235F5F6B /* ModulePresentationAccessTests.swift */; };
		EBA721896E9E1974BC85006D /* portal_m11.usdz in CopyFiles */ = {isa = PBXBuildFile; fileRef = 8F57FC6398A10D410CE9A232 /* portal_m11.usdz */; };
		ECB84CCA61546543F94AE48F /* xp-orb.usdz in CopyFiles */ = {isa = PBXBuildFile; fileRef = 337E25BA42FB1B8C937413EE /* xp-orb.usdz */; };
		EF516A2309B8622C7201D308 /* Interactions.swift in Sources */ = {isa = PBXBuildFile; fileRef = 4232A9CDF551C554A082E3FB /* Interactions.swift */; };
		F0F06BFCECB26ECF6ED5053E /* LearningLabRootView.swift in Sources */ = {isa = PBXBuildFile; fileRef = 80F49591654C43E80DB7F320 /* LearningLabRootView.swift */; };
		F26B71208E2C08B006762FB3 /* InMemoryRepositories.swift in Sources */ = {isa = PBXBuildFile; fileRef = 71D5BDBABCC18ADDCE23D262 /* InMemoryRepositories.swift */; };
		F47929C9FA6E10B78A66F6F3 /* LifesaverVisionTests.swift in Sources */ = {isa = PBXBuildFile; fileRef = 485EC33251720F743FA78A97 /* LifesaverVisionTests.swift */; };
		F59CCCE057C999A9F90361B7 /* privacy-shield.usdz in CopyFiles */ = {isa = PBXBuildFile; fileRef = 6BD7933420EAC27F56D98950 /* privacy-shield.usdz */; };
		F5A26414699CEF25569BE006 /* XAPIExportService.swift in Sources */ = {isa = PBXBuildFile; fileRef = 50D56EC87959163B49E1C980 /* XAPIExportService.swift */; };
		F8DD81182730FBEA22C745D0 /* badge_m01.usdz in CopyFiles */ = {isa = PBXBuildFile; fileRef = 2C89CBF2E90A016DFE5849A4 /* badge_m01.usdz */; };
		F8E39F31A759349A19E2052F /* badge_m10.usdz in CopyFiles */ = {isa = PBXBuildFile; fileRef = C6D64CF3E809FBB3887BD87E /* badge_m10.usdz */; };
		FB0AFD567A8CE71B358749C9 /* badge_m11.usdz in CopyFiles */ = {isa = PBXBuildFile; fileRef = B4F680F5D664A55D48376198 /* badge_m11.usdz */; };
		FB54CC3AA9336C0CEED13F8E /* InstructorDashboardView.swift in Sources */ = {isa = PBXBuildFile; fileRef = A1F54BAD8AA4DF74871D356B /* InstructorDashboardView.swift */; };
		FBC50F12E137A5F0BAA80369 /* course_v1.json in Resources */ = {isa = PBXBuildFile; fileRef = 379E0D7AB5D65014DC6EE94E /* course_v1.json */; };
		FDB561D50E68C206C93650A4 /* spatial_asset_manifest_v1.json in Resources */ = {isa = PBXBuildFile; fileRef = 37D5F4028AA2CE5E11C5E4CF /* spatial_asset_manifest_v1.json */; };
		FDC63AC85FCA1A728E44F5FA /* TheoryAssessmentEngineTests.swift in Sources */ = {isa = PBXBuildFile; fileRef = C258A0E5ADCD2205961B72E0 /* TheoryAssessmentEngineTests.swift */; };
		FEDEEAA8E650DC042E77168B /* SwiftDataRepositories.swift in Sources */ = {isa = PBXBuildFile; fileRef = B645A9F3813782C7AB7F53F8 /* SwiftDataRepositories.swift */; };
/* End PBXBuildFile section */

/* Begin PBXContainerItemProxy section */
		78A4E5B613A27B2C939F2618 /* PBXContainerItemProxy */ = {
			isa = PBXContainerItemProxy;
			containerPortal = 6D2D57D2D6DF2F5775A8EDC5 /* Project object */;
			proxyType = 1;
			remoteGlobalIDString = D5AD9D5BE731B129AF128C3B;
			remoteInfo = LifesaverVision;
		};
		BC76DFF96C654EDEBBF92D36 /* PBXContainerItemProxy */ = {
			isa = PBXContainerItemProxy;
			containerPortal = 6D2D57D2D6DF2F5775A8EDC5 /* Project object */;
			proxyType = 1;
			remoteGlobalIDString = D5AD9D5BE731B129AF128C3B;
			remoteInfo = LifesaverVision;
		};
/* End PBXContainerItemProxy section */

/* Begin PBXCopyFilesBuildPhase section */
		7EE5CA5367D0198112D39CAF /* CopyFiles */ = {
			isa = PBXCopyFilesBuildPhase;
			buildActionMask = 2147483647;
			dstPath = USDZ;
			dstSubfolderSpec = 7;
			files = (
				3ACD0508003BF210EAF23BDA /* accessibility-audio-beacon.usdz in CopyFiles */,
				C3ABBE1F8A77B172707C8090 /* accessibility-switch-puck.usdz in CopyFiles */,
				9FAA99544BBBDF5053798B50 /* accessibility-text-block.usdz in CopyFiles */,
				6344665CC8768E7C7E8E6A6F /* achievement-vault-environment.usdz in CopyFiles */,
				F8DD81182730FBEA22C745D0 /* badge_m01.usdz in CopyFiles */,
				5EEC07059F94EEE3B289D215 /* badge_m02.usdz in CopyFiles */,
				C49B9CA123EA670BF0629C76 /* badge_m03.usdz in CopyFiles */,
				0BCF139548925253D9BCB44E /* badge_m04.usdz in CopyFiles */,
				24FC188AD185A6E0295B81E4 /* badge_m05.usdz in CopyFiles */,
				BF3616F7AEED1DC675E0E857 /* badge_m06.usdz in CopyFiles */,
				E41687B450E341677693DA6F /* badge_m07.usdz in CopyFiles */,
				9D8FEDD3CD379DE9B8F23302 /* badge_m08.usdz in CopyFiles */,
				1AAC5B15D7A2A0E090C767C5 /* badge_m09.usdz in CopyFiles */,
				F8E39F31A759349A19E2052F /* badge_m10.usdz in CopyFiles */,
				FB0AFD567A8CE71B358749C9 /* badge_m11.usdz in CopyFiles */,
				B6391F9598B21C3BF141BDBF /* badge_m12.usdz in CopyFiles */,
				42D98BA330F082196B3A0772 /* badge_m13.usdz in CopyFiles */,
				BA4F3B59C9CE91156138BA28 /* badge_m14.usdz in CopyFiles */,
				88FB2708131C5D6BED1433B3 /* battery-prop.usdz in CopyFiles */,
				1EBA1C3D2C85D30C36F109EC /* capstone-environment.usdz in CopyFiles */,
				BC16BCB5D0D1FFE8DB26B6B6 /* certificate-pedestal.usdz in CopyFiles */,
				D9500CF7E7B81089878BA06A /* companion-orb-bot.usdz in CopyFiles */,
				CB6E97C80155292C75B86C0D /* constellation-star.usdz in CopyFiles */,
				1FE8BE02C997E2EE01DC55C1 /* control-panel.usdz in CopyFiles */,
				D885B9FBF5795FA8A0D8D7F6 /* gesture-practice-cube.usdz in CopyFiles */,
				E60D2A9741942EE941E428E1 /* gesture-practice-orb.usdz in CopyFiles */,
				1B114FB5916247C9783D014A /* gesture-practice-ring.usdz in CopyFiles */,
				0824E2396A9F1629BFD2B4E8 /* headband.usdz in CopyFiles */,
				85D58EBAF4813AC1D590662F /* headset-mockup.usdz in CopyFiles */,
				9EFC3F407CE5182E6899D6DA /* light-seal-cushion.usdz in CopyFiles */,
				8F58CDE04AA6842076F84634 /* observatory-environment.usdz in CopyFiles */,
				413FD267FF2B4839A5ED4E4D /* portal_m01.usdz in CopyFiles */,
				D80E6F09DE8EC271721A1606 /* portal_m02.usdz in CopyFiles */,
				4938ACA0E09A4879C6D14E50 /* portal_m03.usdz in CopyFiles */,
				AB21B67FA0F569740D45533F /* portal_m04.usdz in CopyFiles */,
				145E09B9ED5EAD7463C763B5 /* portal_m05.usdz in CopyFiles */,
				72C48BE8A6A9E9F859CABD08 /* portal_m06.usdz in CopyFiles */,
				2756E5E8B97FAAC484520FEC /* portal_m07.usdz in CopyFiles */,
				11B7B7F26E4B2ADF114A7BE5 /* portal_m08.usdz in CopyFiles */,
				8845E502966B83A1DCBD4E1F /* portal_m09.usdz in CopyFiles */,
				51A916AC0E3B1AFA8716C737 /* portal_m10.usdz in CopyFiles */,
				EBA721896E9E1974BC85006D /* portal_m11.usdz in CopyFiles */,
				A4052F18CDF3271EECDDD5D6 /* portal_m12.usdz in CopyFiles */,
				DF15FED05D3F886661AA13A1 /* portal_m13.usdz in CopyFiles */,
				7389362516790AC425BB6BA9 /* portal_m14.usdz in CopyFiles */,
				0D7AA9BCD88FC1004082E9F7 /* practice-window-frame.usdz in CopyFiles */,
				F59CCCE057C999A9F90361B7 /* privacy-shield.usdz in CopyFiles */,
				D5B918910544D69F1C0C48CA /* safety-props-set.usdz in CopyFiles */,
				1A74044870428D8E76B01D21 /* theatre-environment.usdz in CopyFiles */,
				ECB84CCA61546543F94AE48F /* xp-orb.usdz in CopyFiles */,
			);
			runOnlyForDeploymentPostprocessing = 0;
		};
/* End PBXCopyFilesBuildPhase section */

/* Begin PBXFileReference section */
		00E766E08ED7FE94AE693981 /* achievement-vault-environment.usdz */ = {isa = PBXFileReference; lastKnownFileType = file.usdz; path = "achievement-vault-environment.usdz"; sourceTree = "<group>"; };
		0694581CDDC98A836FB0BE35 /* accessibility-switch-puck.usdz */ = {isa = PBXFileReference; lastKnownFileType = file.usdz; path = "accessibility-switch-puck.usdz"; sourceTree = "<group>"; };
		088100D062186324E946AF5F /* LifesaverVisionUITests.swift */ = {isa = PBXFileReference; lastKnownFileType = sourcecode.swift; path = LifesaverVisionUITests.swift; sourceTree = "<group>"; };
		09E3DE65241A278B4935FB43 /* GamificationModels.swift */ = {isa = PBXFileReference; lastKnownFileType = sourcecode.swift; path = GamificationModels.swift; sourceTree = "<group>"; };
		0BBD008FC1BF4E6102D306C0 /* accessibility-text-block.usdz */ = {isa = PBXFileReference; lastKnownFileType = file.usdz; path = "accessibility-text-block.usdz"; sourceTree = "<group>"; };
		0C22858BC202ECBC898A8D72 /* portal_m06.usdz */ = {isa = PBXFileReference; lastKnownFileType = file.usdz; path = portal_m06.usdz; sourceTree = "<group>"; };
		0CC4C141810AE13647635AE6 /* SwiftDataRepositoryTests.swift */ = {isa = PBXFileReference; lastKnownFileType = sourcecode.swift; path = SwiftDataRepositoryTests.swift; sourceTree = "<group>"; };
		1332AC8581AF5C4C69654B21 /* SpatialLaboratoryView.swift */ = {isa = PBXFileReference; lastKnownFileType = sourcecode.swift; path = SpatialLaboratoryView.swift; sourceTree = "<group>"; };
		1369FBCCA665CD89E756F059 /* observatory-environment.usdz */ = {isa = PBXFileReference; lastKnownFileType = file.usdz; path = "observatory-environment.usdz"; sourceTree = "<group>"; };
		19877746B26D84DB5595FE69 /* PrivacyOperationsService.swift */ = {isa = PBXFileReference; lastKnownFileType = sourcecode.swift; path = PrivacyOperationsService.swift; sourceTree = "<group>"; };
		19DF7FD751A607D822ACA9E0 /* AuthenticationView.swift */ = {isa = PBXFileReference; lastKnownFileType = sourcecode.swift; path = AuthenticationView.swift; sourceTree = "<group>"; };
		1A5A7145365225F10572F0F7 /* capstone-environment.usdz */ = {isa = PBXFileReference; lastKnownFileType = file.usdz; path = "capstone-environment.usdz"; sourceTree = "<group>"; };
		1B80330B316C610B9D0D074C /* SwiftDataModels.swift */ = {isa = PBXFileReference; lastKnownFileType = sourcecode.swift; path = SwiftDataModels.swift; sourceTree = "<group>"; };
		1CFD2BFF9AF0F7F90B7911D9 /* test_traceability_generator.py */ = {isa = PBXFileReference; lastKnownFileType = text.script.python; path = test_traceability_generator.py; sourceTree = "<group>"; };
		21A3C607CB1C194F81177CA2 /* LifesaverVisionUITests.xctest */ = {isa = PBXFileReference; includeInIndex = 0; lastKnownFileType = wrapper.cfbundle; path = LifesaverVisionUITests.xctest; sourceTree = BUILT_PRODUCTS_DIR; };
		23C75D3A9002A0E5847005E9 /* safety-props-set.usdz */ = {isa = PBXFileReference; lastKnownFileType = file.usdz; path = "safety-props-set.usdz"; sourceTree = "<group>"; };
		23D300E714D9A79713F4FBE5 /* ClinicalContentAndExportTests.swift */ = {isa = PBXFileReference; lastKnownFileType = sourcecode.swift; path = ClinicalContentAndExportTests.swift; sourceTree = "<group>"; };
		24C263828A3A8EBF2DAEB664 /* PrivacyModels.swift */ = {isa = PBXFileReference; lastKnownFileType = sourcecode.swift; path = PrivacyModels.swift; sourceTree = "<group>"; };
		24D4C90B4B23F040FB3F2DD4 /* portal_m02.usdz */ = {isa = PBXFileReference; lastKnownFileType = file.usdz; path = portal_m02.usdz; sourceTree = "<group>"; };
		252A06BBC531386D696A0CCB /* PrivacyOperationsTests.swift */ = {isa = PBXFileReference; lastKnownFileType = sourcecode.swift; path = PrivacyOperationsTests.swift; sourceTree = "<group>"; };
		2C165DDD143CB188C78CE1C7 /* PrivacyInfo.xcprivacy */ = {isa = PBXFileReference; path = PrivacyInfo.xcprivacy; sourceTree = "<group>"; };
		2C49E5952EB4D31B07826293 /* headband.usdz */ = {isa = PBXFileReference; lastKnownFileType = file.usdz; path = headband.usdz; sourceTree = "<group>"; };
		2C89CBF2E90A016DFE5849A4 /* badge_m01.usdz */ = {isa = PBXFileReference; lastKnownFileType = file.usdz; path = badge_m01.usdz; sourceTree = "<group>"; };
		337E25BA42FB1B8C937413EE /* xp-orb.usdz */ = {isa = PBXFileReference; lastKnownFileType = file.usdz; path = "xp-orb.usdz"; sourceTree = "<group>"; };
		33A37D45368C15817723F3A5 /* portal_m01.usdz */ = {isa = PBXFileReference; lastKnownFileType = file.usdz; path = portal_m01.usdz; sourceTree = "<group>"; };
		33DD952BF355150BDED942C8 /* .gitkeep */ = {isa = PBXFileReference; path = .gitkeep; sourceTree = "<group>"; };
		353CA1EBE9AF3912F64E7C52 /* LifesaverVisionApp.swift */ = {isa = PBXFileReference; lastKnownFileType = sourcecode.swift; path = LifesaverVisionApp.swift; sourceTree = "<group>"; };
		379E0D7AB5D65014DC6EE94E /* course_v1.json */ = {isa = PBXFileReference; lastKnownFileType = text.json; path = course_v1.json; sourceTree = "<group>"; };
		37D5F4028AA2CE5E11C5E4CF /* spatial_asset_manifest_v1.json */ = {isa = PBXFileReference; lastKnownFileType = text.json; path = spatial_asset_manifest_v1.json; sourceTree = "<group>"; };
		3948FE732BEB67AC7E55DF99 /* portal_m12.usdz */ = {isa = PBXFileReference; lastKnownFileType = file.usdz; path = portal_m12.usdz; sourceTree = "<group>"; };
		3BBFF70D43BAFE553153F9DD /* TheoryAssessmentModels.swift */ = {isa = PBXFileReference; lastKnownFileType = sourcecode.swift; path = TheoryAssessmentModels.swift; sourceTree = "<group>"; };
		3D2C956BBD135F60A883C223 /* SimulationSpaceRootView.swift */ = {isa = PBXFileReference; lastKnownFileType = sourcecode.swift; path = SimulationSpaceRootView.swift; sourceTree = "<group>"; };
		412F10989BC2B1E1186ADE8C /* ClinicalContentModels.swift */ = {isa = PBXFileReference; lastKnownFileType = sourcecode.swift; path = ClinicalContentModels.swift; sourceTree = "<group>"; };
		41DBB075E1734C0C1C9C1BE5 /* AuditAndSyncTests.swift */ = {isa = PBXFileReference; lastKnownFileType = sourcecode.swift; path = AuditAndSyncTests.swift; sourceTree = "<group>"; };
		4232A9CDF551C554A082E3FB /* Interactions.swift */ = {isa = PBXFileReference; lastKnownFileType = sourcecode.swift; path = Interactions.swift; sourceTree = "<group>"; };
		4288F4CE5F165813FEE282B1 /* AdministrationView.swift */ = {isa = PBXFileReference; lastKnownFileType = sourcecode.swift; path = AdministrationView.swift; sourceTree = "<group>"; };
		44416E61353A4435D27E7259 /* Info.plist */ = {isa = PBXFileReference; lastKnownFileType = text.plist; path = Info.plist; sourceTree = "<group>"; };
		485EC33251720F743FA78A97 /* LifesaverVisionTests.swift */ = {isa = PBXFileReference; lastKnownFileType = sourcecode.swift; path = LifesaverVisionTests.swift; sourceTree = "<group>"; };
		48C36747C53B434BB3EEF034 /* portal_m10.usdz */ = {isa = PBXFileReference; lastKnownFileType = file.usdz; path = portal_m10.usdz; sourceTree = "<group>"; };
		4CEC9CC1BB7E32287F1918D8 /* portal_m03.usdz */ = {isa = PBXFileReference; lastKnownFileType = file.usdz; path = portal_m03.usdz; sourceTree = "<group>"; };
		4E25577CD11456085CA5FC06 /* CourseModels.swift */ = {isa = PBXFileReference; lastKnownFileType = sourcecode.swift; path = CourseModels.swift; sourceTree = "<group>"; };
		508127EED3172A0D03AD2283 /* .gitkeep */ = {isa = PBXFileReference; path = .gitkeep; sourceTree = "<group>"; };
		50D56EC87959163B49E1C980 /* XAPIExportService.swift */ = {isa = PBXFileReference; lastKnownFileType = sourcecode.swift; path = XAPIExportService.swift; sourceTree = "<group>"; };
		5242B8035CE0851ED08BC8E2 /* DashboardRootView.swift */ = {isa = PBXFileReference; lastKnownFileType = sourcecode.swift; path = DashboardRootView.swift; sourceTree = "<group>"; };
		5376DB64FAF7B8041BB452BE /* ScoringAndGamificationTests.swift */ = {isa = PBXFileReference; lastKnownFileType = sourcecode.swift; path = ScoringAndGamificationTests.swift; sourceTree = "<group>"; };
		55A97ECE5205E7A39EC1D407 /* ClinicalSafetyValidator.swift */ = {isa = PBXFileReference; lastKnownFileType = sourcecode.swift; path = ClinicalSafetyValidator.swift; sourceTree = "<group>"; };
		55C2483F4B9D5E2A0546A72F /* KeychainStore.swift */ = {isa = PBXFileReference; lastKnownFileType = sourcecode.swift; path = KeychainStore.swift; sourceTree = "<group>"; };
		5DDBD4AFC87AA6D056BBF533 /* CPRPracticeView.swift */ = {isa = PBXFileReference; lastKnownFileType = sourcecode.swift; path = CPRPracticeView.swift; sourceTree = "<group>"; };
		60B2074500AA47F88C3F143E /* QuizSessionView.swift */ = {isa = PBXFileReference; lastKnownFileType = sourcecode.swift; path = QuizSessionView.swift; sourceTree = "<group>"; };
		60FC64A2111F381C8410CA68 /* portal_m04.usdz */ = {isa = PBXFileReference; lastKnownFileType = file.usdz; path = portal_m04.usdz; sourceTree = "<group>"; };
		624B50D487DE0A63705BF569 /* CLINICAL_FACTS_EXTRACT.json */ = {isa = PBXFileReference; lastKnownFileType = text.json; path = CLINICAL_FACTS_EXTRACT.json; sourceTree = "<group>"; };
		6322623C46BC39DEF7B9137A /* TheoryAssessmentEngine.swift */ = {isa = PBXFileReference; lastKnownFileType = sourcecode.swift; path = TheoryAssessmentEngine.swift; sourceTree = "<group>"; };
		67E2A5ADFE21D89BD1298071 /* .gitkeep */ = {isa = PBXFileReference; path = .gitkeep; sourceTree = "<group>"; };
		685BB65B1E91F1215C81DBD3 /* badge_m04.usdz */ = {isa = PBXFileReference; lastKnownFileType = file.usdz; path = badge_m04.usdz; sourceTree = "<group>"; };
		69129AC42D7A667290927254 /* practice-window-frame.usdz */ = {isa = PBXFileReference; lastKnownFileType = file.usdz; path = "practice-window-frame.usdz"; sourceTree = "<group>"; };
		6BD7933420EAC27F56D98950 /* privacy-shield.usdz */ = {isa = PBXFileReference; lastKnownFileType = file.usdz; path = "privacy-shield.usdz"; sourceTree = "<group>"; };
		6BE50147D9102789DAE73E4E /* badge_m09.usdz */ = {isa = PBXFileReference; lastKnownFileType = file.usdz; path = badge_m09.usdz; sourceTree = "<group>"; };
		6DECD0FACE0657994D9A9F2E /* light-seal-cushion.usdz */ = {isa = PBXFileReference; lastKnownFileType = file.usdz; path = "light-seal-cushion.usdz"; sourceTree = "<group>"; };
		6F67C420CD18EFAD3A3FFF70 /* PersistenceBootstrap.swift */ = {isa = PBXFileReference; lastKnownFileType = sourcecode.swift; path = PersistenceBootstrap.swift; sourceTree = "<group>"; };
		71D5BDBABCC18ADDCE23D262 /* InMemoryRepositories.swift */ = {isa = PBXFileReference; lastKnownFileType = sourcecode.swift; path = InMemoryRepositories.swift; sourceTree = "<group>"; };
		72821286361F6A4D114AE385 /* headset-mockup.usdz */ = {isa = PBXFileReference; lastKnownFileType = file.usdz; path = "headset-mockup.usdz"; sourceTree = "<group>"; };
		739881DB3EE75C9910599D54 /* badge_m08.usdz */ = {isa = PBXFileReference; lastKnownFileType = file.usdz; path = badge_m08.usdz; sourceTree = "<group>"; };
		784F8917C9890ED504C4BDFD /* badge_rules.json */ = {isa = PBXFileReference; lastKnownFileType = text.json; path = badge_rules.json; sourceTree = "<group>"; };
		7BB18FB85B195587F2494CA4 /* AudioDirector.swift */ = {isa = PBXFileReference; lastKnownFileType = sourcecode.swift; path = AudioDirector.swift; sourceTree = "<group>"; };
		7CB39074CAF931A021A3F442 /* control-panel.usdz */ = {isa = PBXFileReference; lastKnownFileType = file.usdz; path = "control-panel.usdz"; sourceTree = "<group>"; };
		7DF5B09C284C49F4693D26AA /* LifesaverVision.app */ = {isa = PBXFileReference; includeInIndex = 0; lastKnownFileType = wrapper.application; path = LifesaverVision.app; sourceTree = BUILT_PRODUCTS_DIR; };
		7E52C2BF6FA4F38A8D57346F /* LifesaverVision.entitlements */ = {isa = PBXFileReference; lastKnownFileType = text.plist.entitlements; path = LifesaverVision.entitlements; sourceTree = "<group>"; };
		7EB61FE610FCF3F623AF4519 /* AssessmentView.swift */ = {isa = PBXFileReference; lastKnownFileType = sourcecode.swift; path = AssessmentView.swift; sourceTree = "<group>"; };
		7FCAE7B9F3C70C6F8FCD16F3 /* AuthenticationAndReportTests.swift */ = {isa = PBXFileReference; lastKnownFileType = sourcecode.swift; path = AuthenticationAndReportTests.swift; sourceTree = "<group>"; };
		80F49591654C43E80DB7F320 /* LearningLabRootView.swift */ = {isa = PBXFileReference; lastKnownFileType = sourcecode.swift; path = LearningLabRootView.swift; sourceTree = "<group>"; };
		84C7C5D4BF061AE518210DAA /* DashboardView.swift */ = {isa = PBXFileReference; lastKnownFileType = sourcecode.swift; path = DashboardView.swift; sourceTree = "<group>"; };
		8AC16D6AB24D8BEE3468E55D /* Phase3BContentModels.swift */ = {isa = PBXFileReference; lastKnownFileType = sourcecode.swift; path = Phase3BContentModels.swift; sourceTree = "<group>"; };
		8B7788B494A1474F6109D2E0 /* ScenariosView.swift */ = {isa = PBXFileReference; lastKnownFileType = sourcecode.swift; path = ScenariosView.swift; sourceTree = "<group>"; };
		8C003D64334B45957501A233 /* SpatialAccessibility.swift */ = {isa = PBXFileReference; lastKnownFileType = sourcecode.swift; path = SpatialAccessibility.swift; sourceTree = "<group>"; };
		8F57FC6398A10D410CE9A232 /* portal_m11.usdz */ = {isa = PBXFileReference; lastKnownFileType = file.usdz; path = portal_m11.usdz; sourceTree = "<group>"; };
		91BA3A490C611F0B93BB8E14 /* badge_m12.usdz */ = {isa = PBXFileReference; lastKnownFileType = file.usdz; path = badge_m12.usdz; sourceTree = "<group>"; };
		92385E507D55CA1777A3F4C7 /* HandTrackingService.swift */ = {isa = PBXFileReference; lastKnownFileType = sourcecode.swift; path = HandTrackingService.swift; sourceTree = "<group>"; };
		929D2F241008B89500E84D6D /* accessibility-audio-beacon.usdz */ = {isa = PBXFileReference; lastKnownFileType = file.usdz; path = "accessibility-audio-beacon.usdz"; sourceTree = "<group>"; };
		9522AE588829AB168B6F8CB5 /* certificate-pedestal.usdz */ = {isa = PBXFileReference; lastKnownFileType = file.usdz; path = "certificate-pedestal.usdz"; sourceTree = "<group>"; };
		95C6FF488A48BEF60D4365AB /* GamificationView.swift */ = {isa = PBXFileReference; lastKnownFileType = sourcecode.swift; path = GamificationView.swift; sourceTree = "<group>"; };
		97CE72015BC303A436C9AEAE /* CourseContentValidationTests.swift */ = {isa = PBXFileReference; lastKnownFileType = sourcecode.swift; path = CourseContentValidationTests.swift; sourceTree = "<group>"; };
		98267160BB6426E0ED88E1E7 /* Phase3BSchemaTests.swift */ = {isa = PBXFileReference; lastKnownFileType = sourcecode.swift; path = Phase3BSchemaTests.swift; sourceTree = "<group>"; };
		99909D20EFD397C60F85B357 /* ScoringModels.swift */ = {isa = PBXFileReference; lastKnownFileType = sourcecode.swift; path = ScoringModels.swift; sourceTree = "<group>"; };
		9AAEC527E57ED3C59CEFECE2 /* ScoringEngine.swift */ = {isa = PBXFileReference; lastKnownFileType = sourcecode.swift; path = ScoringEngine.swift; sourceTree = "<group>"; };
		9C2ADD08B1DC4DD541D992AE /* battery-prop.usdz */ = {isa = PBXFileReference; lastKnownFileType = file.usdz; path = "battery-prop.usdz"; sourceTree = "<group>"; };
		9EBC6F5CB1D2796962C0CAE4 /* badge_m14.usdz */ = {isa = PBXFileReference; lastKnownFileType = file.usdz; path = badge_m14.usdz; sourceTree = "<group>"; };
		9F17515043A751995B34EA45 /* TheoryLearningView.swift */ = {isa = PBXFileReference; lastKnownFileType = sourcecode.swift; path = TheoryLearningView.swift; sourceTree = "<group>"; };
		9F81AEC93B7E92D3235F5F6B /* ModulePresentationAccessTests.swift */ = {isa = PBXFileReference; lastKnownFileType = sourcecode.swift; path = ModulePresentationAccessTests.swift; sourceTree = "<group>"; };
		9FD3831E824DC288873D6B1C /* portal_m09.usdz */ = {isa = PBXFileReference; lastKnownFileType = file.usdz; path = portal_m09.usdz; sourceTree = "<group>"; };
		9FD4D21E092ACBB990924248 /* ContentVersionService.swift */ = {isa = PBXFileReference; lastKnownFileType = sourcecode.swift; path = ContentVersionService.swift; sourceTree = "<group>"; };
		A0DA25F32967757121DF6A50 /* LearningEventModels.swift */ = {isa = PBXFileReference; lastKnownFileType = sourcecode.swift; path = LearningEventModels.swift; sourceTree = "<group>"; };
		A1F54BAD8AA4DF74871D356B /* InstructorDashboardView.swift */ = {isa = PBXFileReference; lastKnownFileType = sourcecode.swift; path = InstructorDashboardView.swift; sourceTree = "<group>"; };
		A75B557DE09FD3DBDC1E12D4 /* SettingsView.swift */ = {isa = PBXFileReference; lastKnownFileType = sourcecode.swift; path = SettingsView.swift; sourceTree = "<group>"; };
		A870587E55E2FE0BA3AD126F /* badge_m03.usdz */ = {isa = PBXFileReference; lastKnownFileType = file.usdz; path = badge_m03.usdz; sourceTree = "<group>"; };
		AA008142D9428529D8C9B406 /* AppModel.swift */ = {isa = PBXFileReference; lastKnownFileType = sourcecode.swift; path = AppModel.swift; sourceTree = "<group>"; };
		AE743265CCCE9DB45DC7CEC4 /* portal_m08.usdz */ = {isa = PBXFileReference; lastKnownFileType = file.usdz; path = portal_m08.usdz; sourceTree = "<group>"; };
		AF2CECDD36F556E590240A07 /* GamificationEngine.swift */ = {isa = PBXFileReference; lastKnownFileType = sourcecode.swift; path = GamificationEngine.swift; sourceTree = "<group>"; };
		B4E61FC9FD8D914F78804DCF /* badge_m07.usdz */ = {isa = PBXFileReference; lastKnownFileType = file.usdz; path = badge_m07.usdz; sourceTree = "<group>"; };
		B4F680F5D664A55D48376198 /* badge_m11.usdz */ = {isa = PBXFileReference; lastKnownFileType = file.usdz; path = badge_m11.usdz; sourceTree = "<group>"; };
		B645A9F3813782C7AB7F53F8 /* SwiftDataRepositories.swift */ = {isa = PBXFileReference; lastKnownFileType = sourcecode.swift; path = SwiftDataRepositories.swift; sourceTree = "<group>"; };
		B741F4D4C3E8D5B7B243F6AC /* companion-orb-bot.usdz */ = {isa = PBXFileReference; lastKnownFileType = file.usdz; path = "companion-orb-bot.usdz"; sourceTree = "<group>"; };
		C258A0E5ADCD2205961B72E0 /* TheoryAssessmentEngineTests.swift */ = {isa = PBXFileReference; lastKnownFileType = sourcecode.swift; path = TheoryAssessmentEngineTests.swift; sourceTree = "<group>"; };
		C2FD9ED93E2327ADBB08FEDC /* OfflineFirstSyncService.swift */ = {isa = PBXFileReference; lastKnownFileType = sourcecode.swift; path = OfflineFirstSyncService.swift; sourceTree = "<group>"; };
		C4EF94E06BDA5FE33B1AEC67 /* portal_m05.usdz */ = {isa = PBXFileReference; lastKnownFileType = file.usdz; path = portal_m05.usdz; sourceTree = "<group>"; };
		C4F7E0CBE554C93FCE3AA925 /* constellation-star.usdz */ = {isa = PBXFileReference; lastKnownFileType = file.usdz; path = "constellation-star.usdz"; sourceTree = "<group>"; };
		C5848F6DF8941B25002F278E /* portal_m13.usdz */ = {isa = PBXFileReference; lastKnownFileType = file.usdz; path = portal_m13.usdz; sourceTree = "<group>"; };
		C6D64CF3E809FBB3887BD87E /* badge_m10.usdz */ = {isa = PBXFileReference; lastKnownFileType = file.usdz; path = badge_m10.usdz; sourceTree = "<group>"; };
		CA757C1AD1292C2B8B01A5D0 /* AuthenticationModel.swift */ = {isa = PBXFileReference; lastKnownFileType = sourcecode.swift; path = AuthenticationModel.swift; sourceTree = "<group>"; };
		CC112D62BA9076D4925F5AC4 /* gesture-practice-cube.usdz */ = {isa = PBXFileReference; lastKnownFileType = file.usdz; path = "gesture-practice-cube.usdz"; sourceTree = "<group>"; };
		CC9BFAACCFD6DE72A686EF37 /* badge_m05.usdz */ = {isa = PBXFileReference; lastKnownFileType = file.usdz; path = badge_m05.usdz; sourceTree = "<group>"; };
		CDAE970EAD4B1268CE958205 /* theatre-environment.usdz */ = {isa = PBXFileReference; lastKnownFileType = file.usdz; path = "theatre-environment.usdz"; sourceTree = "<group>"; };
		D2D474372E0E4AC940131C54 /* scenarios_v1.json */ = {isa = PBXFileReference; lastKnownFileType = text.json; path = scenarios_v1.json; sourceTree = "<group>"; };
		D340CF4DB172C5FBBB51CC5A /* badge_m02.usdz */ = {isa = PBXFileReference; lastKnownFileType = file.usdz; path = badge_m02.usdz; sourceTree = "<group>"; };
		D7D7FEBFB29DD1315ECDB39D /* AssetRegistry.swift */ = {isa = PBXFileReference; lastKnownFileType = sourcecode.swift; path = AssetRegistry.swift; sourceTree = "<group>"; };
		DA592D109B2211FDD5F0B0EE /* gesture-practice-ring.usdz */ = {isa = PBXFileReference; lastKnownFileType = file.usdz; path = "gesture-practice-ring.usdz"; sourceTree = "<group>"; };
		DAD295E32AFD0D478C07E3CE /* badge_m13.usdz */ = {isa = PBXFileReference; lastKnownFileType = file.usdz; path = badge_m13.usdz; sourceTree = "<group>"; };
		DB20949E05C50D2E813FD3B6 /* ApplicationProtocols.swift */ = {isa = PBXFileReference; lastKnownFileType = sourcecode.swift; path = ApplicationProtocols.swift; sourceTree = "<group>"; };
		E06E4AB1904AE4C0999D10A3 /* CohortReportExportService.swift */ = {isa = PBXFileReference; lastKnownFileType = sourcecode.swift; path = CohortReportExportService.swift; sourceTree = "<group>"; };
		E2B019E9C96D12A7C3F41A42 /* LMSExportDocument.swift */ = {isa = PBXFileReference; lastKnownFileType = sourcecode.swift; path = LMSExportDocument.swift; sourceTree = "<group>"; };
		E6BA216F315C4505E8659B8F /* gesture-practice-orb.usdz */ = {isa = PBXFileReference; lastKnownFileType = file.usdz; path = "gesture-practice-orb.usdz"; sourceTree = "<group>"; };
		E7D926027C6CFE136CEFF917 /* portal_m14.usdz */ = {isa = PBXFileReference; lastKnownFileType = file.usdz; path = portal_m14.usdz; sourceTree = "<group>"; };
		E9C327C0164543F660D42C98 /* LocalAuthenticationService.swift */ = {isa = PBXFileReference; lastKnownFileType = sourcecode.swift; path = LocalAuthenticationService.swift; sourceTree = "<group>"; };
		EEF77B06DFCFF1E1B8CAD828 /* theory_questions_v1.json */ = {isa = PBXFileReference; lastKnownFileType = text.json; path = theory_questions_v1.json; sourceTree = "<group>"; };
		EF0D26B59AF8D550AEC32EA0 /* .gitkeep */ = {isa = PBXFileReference; path = .gitkeep; sourceTree = "<group>"; };
		EFCC85261BAA2B8EA2C1EEE4 /* LifesaverVisionTests.xctest */ = {isa = PBXFileReference; includeInIndex = 0; lastKnownFileType = wrapper.cfbundle; path = LifesaverVisionTests.xctest; sourceTree = BUILT_PRODUCTS_DIR; };
		F203CE2E4036DCC849CA06BC /* ScenePlacement.swift */ = {isa = PBXFileReference; lastKnownFileType = sourcecode.swift; path = ScenePlacement.swift; sourceTree = "<group>"; };
		F29880C9F5A6D6BB81F9FE7F /* portal_m07.usdz */ = {isa = PBXFileReference; lastKnownFileType = file.usdz; path = portal_m07.usdz; sourceTree = "<group>"; };
		F3528BDD94D2143F8CB99F69 /* AppleCredentialStateProvider.swift */ = {isa = PBXFileReference; lastKnownFileType = sourcecode.swift; path = AppleCredentialStateProvider.swift; sourceTree = "<group>"; };
		F4096E33EEA85FA3A5E8C96B /* CourseEngine.swift */ = {isa = PBXFileReference; lastKnownFileType = sourcecode.swift; path = CourseEngine.swift; sourceTree = "<group>"; };
		FB1547039F983C313AA2675E /* SpatialRealityKit.swift */ = {isa = PBXFileReference; lastKnownFileType = sourcecode.swift; path = SpatialRealityKit.swift; sourceTree = "<group>"; };
		FB730BB4FFA4A509C7852563 /* RealityKitAssetTests.swift */ = {isa = PBXFileReference; lastKnownFileType = sourcecode.swift; path = RealityKitAssetTests.swift; sourceTree = "<group>"; };
		FBF3643E671D034583F581EB /* AEDPracticeView.swift */ = {isa = PBXFileReference; lastKnownFileType = sourcecode.swift; path = AEDPracticeView.swift; sourceTree = "<group>"; };
		FC7A5D70E5C28C746F8B6EC8 /* CourseCatalogueView.swift */ = {isa = PBXFileReference; lastKnownFileType = sourcecode.swift; path = CourseCatalogueView.swift; sourceTree = "<group>"; };
		FD3DFCE31BCC2DCDE562BB48 /* badge_m06.usdz */ = {isa = PBXFileReference; lastKnownFileType = file.usdz; path = badge_m06.usdz; sourceTree = "<group>"; };
		FDD50126F33D788CF6D448ED /* RealityKitContent */ = {isa = PBXFileReference; lastKnownFileType = folder; name = RealityKitContent; path = Packages/RealityKitContent; sourceTree = SOURCE_ROOT; };
/* End PBXFileReference section */

/* Begin PBXFrameworksBuildPhase section */
		A3EEB5FE1E182214179733C8 /* Frameworks */ = {
			isa = PBXFrameworksBuildPhase;
			buildActionMask = 2147483647;
			files = (
				745ECE701565EDEBD7A4F820 /* RealityKitContent in Frameworks */,
			);
			runOnlyForDeploymentPostprocessing = 0;
		};
/* End PBXFrameworksBuildPhase section */

/* Begin PBXGroup section */
		03AD3B514AECB157A640F67A /* UITests */ = {
			isa = PBXGroup;
			children = (
				088100D062186324E946AF5F /* LifesaverVisionUITests.swift */,
			);
			path = UITests;
			sourceTree = "<group>";
		};
		04EE0DEEE50081F5C3A8ED2B /* RealityKit */ = {
			isa = PBXGroup;
			children = (
				D7D7FEBFB29DD1315ECDB39D /* AssetRegistry.swift */,
				FB1547039F983C313AA2675E /* SpatialRealityKit.swift */,
			);
			path = RealityKit;
			sourceTree = "<group>";
		};
		07EB135ECE5606920FA2C1AC /* Persistence */ = {
			isa = PBXGroup;
			children = (
				71D5BDBABCC18ADDCE23D262 /* InMemoryRepositories.swift */,
				C2FD9ED93E2327ADBB08FEDC /* OfflineFirstSyncService.swift */,
				6F67C420CD18EFAD3A3FFF70 /* PersistenceBootstrap.swift */,
				1B80330B316C610B9D0D074C /* SwiftDataModels.swift */,
				B645A9F3813782C7AB7F53F8 /* SwiftDataRepositories.swift */,
			);
			path = Persistence;
			sourceTree = "<group>";
		};
		0CD3CD8CD595B45452914C66 /* Courses */ = {
			isa = PBXGroup;
			children = (
				379E0D7AB5D65014DC6EE94E /* course_v1.json */,
				D2D474372E0E4AC940131C54 /* scenarios_v1.json */,
			);
			name = Courses;
			path = Resources/Courses;
			sourceTree = "<group>";
		};
		158897EBFF67ED856819AD76 /* SpatialLaboratory */ = {
			isa = PBXGroup;
			children = (
				1332AC8581AF5C4C69654B21 /* SpatialLaboratoryView.swift */,
			);
			path = SpatialLaboratory;
			sourceTree = "<group>";
		};
		19B0825EFD2B40535327666E /* Audio */ = {
			isa = PBXGroup;
			children = (
				7BB18FB85B195587F2494CA4 /* AudioDirector.swift */,
			);
			path = Audio;
			sourceTree = "<group>";
		};
		1BAC5DCD9F259446ED93EFE1 /* Questions */ = {
			isa = PBXGroup;
			children = (
				508127EED3172A0D03AD2283 /* .gitkeep */,
				EEF77B06DFCFF1E1B8CAD828 /* theory_questions_v1.json */,
			);
			name = Questions;
			path = Resources/Questions;
			sourceTree = "<group>";
		};
		212BC41964E7DEB40B77A1A6 /* Packages */ = {
			isa = PBXGroup;
			children = (
				FDD50126F33D788CF6D448ED /* RealityKitContent */,
			);
			path = Packages;
			sourceTree = "<group>";
		};
		2F812571553883EC326E2A5D /* Configuration */ = {
			isa = PBXGroup;
			children = (
				784F8917C9890ED504C4BDFD /* badge_rules.json */,
				37D5F4028AA2CE5E11C5E4CF /* spatial_asset_manifest_v1.json */,
			);
			name = Configuration;
			path = Resources/Configuration;
			sourceTree = "<group>";
		};
		3ED3E1F1A1169B46CA45F009 /* Services */ = {
			isa = PBXGroup;
			children = (
				55A97ECE5205E7A39EC1D407 /* ClinicalSafetyValidator.swift */,
				E06E4AB1904AE4C0999D10A3 /* CohortReportExportService.swift */,
				9FD4D21E092ACBB990924248 /* ContentVersionService.swift */,
				F4096E33EEA85FA3A5E8C96B /* CourseEngine.swift */,
				AF2CECDD36F556E590240A07 /* GamificationEngine.swift */,
				19877746B26D84DB5595FE69 /* PrivacyOperationsService.swift */,
				9AAEC527E57ED3C59CEFECE2 /* ScoringEngine.swift */,
				50D56EC87959163B49E1C980 /* XAPIExportService.swift */,
			);
			path = Services;
			sourceTree = "<group>";
		};
		415E14ED18F7F42B8EFF0249 /* Spatial */ = {
			isa = PBXGroup;
			children = (
				AD13EEA02B8CB0687EB39CFF /* Accessibility */,
				B68924854E91ED4544038B3B /* HandTracking */,
				B69D7A6C923C2A4D4C3B58D3 /* Interactions */,
				04EE0DEEE50081F5C3A8ED2B /* RealityKit */,
				AD77D0C2BDAE1B398B12280C /* ScenePlacement */,
			);
			path = Spatial;
			sourceTree = "<group>";
		};
		424F1CE904B07C26C43A8AE0 /* Security */ = {
			isa = PBXGroup;
			children = (
				33DD952BF355150BDED942C8 /* .gitkeep */,
				F3528BDD94D2143F8CB99F69 /* AppleCredentialStateProvider.swift */,
				55C2483F4B9D5E2A0546A72F /* KeychainStore.swift */,
				E9C327C0164543F660D42C98 /* LocalAuthenticationService.swift */,
			);
			path = Security;
			sourceTree = "<group>";
		};
		42DB68DD5563584E7ED3812E /* App */ = {
			isa = PBXGroup;
			children = (
				AA008142D9428529D8C9B406 /* AppModel.swift */,
				5242B8035CE0851ED08BC8E2 /* DashboardRootView.swift */,
				44416E61353A4435D27E7259 /* Info.plist */,
				80F49591654C43E80DB7F320 /* LearningLabRootView.swift */,
				7E52C2BF6FA4F38A8D57346F /* LifesaverVision.entitlements */,
				353CA1EBE9AF3912F64E7C52 /* LifesaverVisionApp.swift */,
				2C165DDD143CB188C78CE1C7 /* PrivacyInfo.xcprivacy */,
				3D2C956BBD135F60A883C223 /* SimulationSpaceRootView.swift */,
			);
			path = App;
			sourceTree = "<group>";
		};
		439902F7B94E34743536D84B /* Products */ = {
			isa = PBXGroup;
			children = (
				7DF5B09C284C49F4693D26AA /* LifesaverVision.app */,
				EFCC85261BAA2B8EA2C1EEE4 /* LifesaverVisionTests.xctest */,
				21A3C607CB1C194F81177CA2 /* LifesaverVisionUITests.xctest */,
			);
			name = Products;
			sourceTree = "<group>";
		};
		4B715AE8E5A22CE40CADFECB /* Assessment */ = {
			isa = PBXGroup;
			children = (
				7EB61FE610FCF3F623AF4519 /* AssessmentView.swift */,
				60B2074500AA47F88C3F143E /* QuizSessionView.swift */,
				6322623C46BC39DEF7B9137A /* TheoryAssessmentEngine.swift */,
			);
			path = Assessment;
			sourceTree = "<group>";
		};
		4D993081A60D60723283D444 /* Core */ = {
			isa = PBXGroup;
			children = (
				9AC80767E78E064A4A1B7923 /* Models */,
				F811F8493B3620A33C113F89 /* Networking */,
				07EB135ECE5606920FA2C1AC /* Persistence */,
				6589579C667DB840A5A5C221 /* Protocols */,
				424F1CE904B07C26C43A8AE0 /* Security */,
				3ED3E1F1A1169B46CA45F009 /* Services */,
				8337B422464F84FBA2A89ECB /* Utilities */,
			);
			path = Core;
			sourceTree = "<group>";
		};
		64261A136F474488B227A30C /* Tests */ = {
			isa = PBXGroup;
			children = (
				41DBB075E1734C0C1C9C1BE5 /* AuditAndSyncTests.swift */,
				7FCAE7B9F3C70C6F8FCD16F3 /* AuthenticationAndReportTests.swift */,
				23D300E714D9A79713F4FBE5 /* ClinicalContentAndExportTests.swift */,
				97CE72015BC303A436C9AEAE /* CourseContentValidationTests.swift */,
				485EC33251720F743FA78A97 /* LifesaverVisionTests.swift */,
				9F81AEC93B7E92D3235F5F6B /* ModulePresentationAccessTests.swift */,
				98267160BB6426E0ED88E1E7 /* Phase3BSchemaTests.swift */,
				252A06BBC531386D696A0CCB /* PrivacyOperationsTests.swift */,
				FB730BB4FFA4A509C7852563 /* RealityKitAssetTests.swift */,
				5376DB64FAF7B8041BB452BE /* ScoringAndGamificationTests.swift */,
				0CC4C141810AE13647635AE6 /* SwiftDataRepositoryTests.swift */,
				1CFD2BFF9AF0F7F90B7911D9 /* test_traceability_generator.py */,
				C258A0E5ADCD2205961B72E0 /* TheoryAssessmentEngineTests.swift */,
			);
			path = Tests;
			sourceTree = "<group>";
		};
		6589579C667DB840A5A5C221 /* Protocols */ = {
			isa = PBXGroup;
			children = (
				DB20949E05C50D2E813FD3B6 /* ApplicationProtocols.swift */,
			);
			path = Protocols;
			sourceTree = "<group>";
		};
		6A594DC8CCBF053822AD08FE /* Dashboard */ = {
			isa = PBXGroup;
			children = (
				84C7C5D4BF061AE518210DAA /* DashboardView.swift */,
			);
			path = Dashboard;
			sourceTree = "<group>";
		};
		7F90916F861762F42BC764F4 /* Features */ = {
			isa = PBXGroup;
			children = (
				A487CD8E83DFD5B646577ECB /* Administration */,
				E2738179690FB8293225A4F6 /* AEDPractice */,
				4B715AE8E5A22CE40CADFECB /* Assessment */,
				C28B72367E7B7052BD1889D6 /* Authentication */,
				920F32B75E2BB4F303DFCF86 /* CourseCatalogue */,
				A984AAAFC2FC0F65A762A115 /* CPRPractice */,
				6A594DC8CCBF053822AD08FE /* Dashboard */,
				F84E1B491F102F53F765074A /* Gamification */,
				F61AC3C088535A218E6F81AE /* Instructor */,
				F9C713E81FAF1CF0E85DCFD5 /* Scenarios */,
				F94508641E0DFF0BB0915EEC /* Settings */,
				158897EBFF67ED856819AD76 /* SpatialLaboratory */,
				980891891A6B570F29DEDCDA /* TheoryLearning */,
			);
			path = Features;
			sourceTree = "<group>";
		};
		8337B422464F84FBA2A89ECB /* Utilities */ = {
			isa = PBXGroup;
			children = (
				EF0D26B59AF8D550AEC32EA0 /* .gitkeep */,
				E2B019E9C96D12A7C3F41A42 /* LMSExportDocument.swift */,
			);
			path = Utilities;
			sourceTree = "<group>";
		};
		920F32B75E2BB4F303DFCF86 /* CourseCatalogue */ = {
			isa = PBXGroup;
			children = (
				FC7A5D70E5C28C746F8B6EC8 /* CourseCatalogueView.swift */,
			);
			path = CourseCatalogue;
			sourceTree = "<group>";
		};
		980891891A6B570F29DEDCDA /* TheoryLearning */ = {
			isa = PBXGroup;
			children = (
				9F17515043A751995B34EA45 /* TheoryLearningView.swift */,
			);
			path = TheoryLearning;
			sourceTree = "<group>";
		};
		9AC80767E78E064A4A1B7923 /* Models */ = {
			isa = PBXGroup;
			children = (
				412F10989BC2B1E1186ADE8C /* ClinicalContentModels.swift */,
				4E25577CD11456085CA5FC06 /* CourseModels.swift */,
				09E3DE65241A278B4935FB43 /* GamificationModels.swift */,
				A0DA25F32967757121DF6A50 /* LearningEventModels.swift */,
				8AC16D6AB24D8BEE3468E55D /* Phase3BContentModels.swift */,
				24C263828A3A8EBF2DAEB664 /* PrivacyModels.swift */,
				99909D20EFD397C60F85B357 /* ScoringModels.swift */,
				3BBFF70D43BAFE553153F9DD /* TheoryAssessmentModels.swift */,
			);
			path = Models;
			sourceTree = "<group>";
		};
		A487CD8E83DFD5B646577ECB /* Administration */ = {
			isa = PBXGroup;
			children = (
				4288F4CE5F165813FEE282B1 /* AdministrationView.swift */,
			);
			path = Administration;
			sourceTree = "<group>";
		};
		A984AAAFC2FC0F65A762A115 /* CPRPractice */ = {
			isa = PBXGroup;
			children = (
				5DDBD4AFC87AA6D056BBF533 /* CPRPracticeView.swift */,
			);
			path = CPRPractice;
			sourceTree = "<group>";
		};
		AD13EEA02B8CB0687EB39CFF /* Accessibility */ = {
			isa = PBXGroup;
			children = (
				8C003D64334B45957501A233 /* SpatialAccessibility.swift */,
			);
			path = Accessibility;
			sourceTree = "<group>";
		};
		AD77D0C2BDAE1B398B12280C /* ScenePlacement */ = {
			isa = PBXGroup;
			children = (
				F203CE2E4036DCC849CA06BC /* ScenePlacement.swift */,
			);
			path = ScenePlacement;
			sourceTree = "<group>";
		};
		B0D47034F2CC7B3A6625EDDF = {
			isa = PBXGroup;
			children = (
				42DB68DD5563584E7ED3812E /* App */,
				19B0825EFD2B40535327666E /* Audio */,
				2F812571553883EC326E2A5D /* Configuration */,
				4D993081A60D60723283D444 /* Core */,
				0CD3CD8CD595B45452914C66 /* Courses */,
				CE87E78559955DB4B7B82DE8 /* Docs */,
				7F90916F861762F42BC764F4 /* Features */,
				212BC41964E7DEB40B77A1A6 /* Packages */,
				1BAC5DCD9F259446ED93EFE1 /* Questions */,
				415E14ED18F7F42B8EFF0249 /* Spatial */,
				64261A136F474488B227A30C /* Tests */,
				03AD3B514AECB157A640F67A /* UITests */,
				B90ADD10F82D45C56036C32A /* USDZ */,
				439902F7B94E34743536D84B /* Products */,
			);
			sourceTree = "<group>";
		};
		B68924854E91ED4544038B3B /* HandTracking */ = {
			isa = PBXGroup;
			children = (
				92385E507D55CA1777A3F4C7 /* HandTrackingService.swift */,
			);
			path = HandTracking;
			sourceTree = "<group>";
		};
		B69D7A6C923C2A4D4C3B58D3 /* Interactions */ = {
			isa = PBXGroup;
			children = (
				4232A9CDF551C554A082E3FB /* Interactions.swift */,
			);
			path = Interactions;
			sourceTree = "<group>";
		};
		B90ADD10F82D45C56036C32A /* USDZ */ = {
			isa = PBXGroup;
			children = (
				929D2F241008B89500E84D6D /* accessibility-audio-beacon.usdz */,
				0694581CDDC98A836FB0BE35 /* accessibility-switch-puck.usdz */,
				0BBD008FC1BF4E6102D306C0 /* accessibility-text-block.usdz */,
				00E766E08ED7FE94AE693981 /* achievement-vault-environment.usdz */,
				2C89CBF2E90A016DFE5849A4 /* badge_m01.usdz */,
				D340CF4DB172C5FBBB51CC5A /* badge_m02.usdz */,
				A870587E55E2FE0BA3AD126F /* badge_m03.usdz */,
				685BB65B1E91F1215C81DBD3 /* badge_m04.usdz */,
				CC9BFAACCFD6DE72A686EF37 /* badge_m05.usdz */,
				FD3DFCE31BCC2DCDE562BB48 /* badge_m06.usdz */,
				B4E61FC9FD8D914F78804DCF /* badge_m07.usdz */,
				739881DB3EE75C9910599D54 /* badge_m08.usdz */,
				6BE50147D9102789DAE73E4E /* badge_m09.usdz */,
				C6D64CF3E809FBB3887BD87E /* badge_m10.usdz */,
				B4F680F5D664A55D48376198 /* badge_m11.usdz */,
				91BA3A490C611F0B93BB8E14 /* badge_m12.usdz */,
				DAD295E32AFD0D478C07E3CE /* badge_m13.usdz */,
				9EBC6F5CB1D2796962C0CAE4 /* badge_m14.usdz */,
				9C2ADD08B1DC4DD541D992AE /* battery-prop.usdz */,
				1A5A7145365225F10572F0F7 /* capstone-environment.usdz */,
				9522AE588829AB168B6F8CB5 /* certificate-pedestal.usdz */,
				B741F4D4C3E8D5B7B243F6AC /* companion-orb-bot.usdz */,
				C4F7E0CBE554C93FCE3AA925 /* constellation-star.usdz */,
				7CB39074CAF931A021A3F442 /* control-panel.usdz */,
				CC112D62BA9076D4925F5AC4 /* gesture-practice-cube.usdz */,
				E6BA216F315C4505E8659B8F /* gesture-practice-orb.usdz */,
				DA592D109B2211FDD5F0B0EE /* gesture-practice-ring.usdz */,
				2C49E5952EB4D31B07826293 /* headband.usdz */,
				72821286361F6A4D114AE385 /* headset-mockup.usdz */,
				6DECD0FACE0657994D9A9F2E /* light-seal-cushion.usdz */,
				1369FBCCA665CD89E756F059 /* observatory-environment.usdz */,
				33A37D45368C15817723F3A5 /* portal_m01.usdz */,
				24D4C90B4B23F040FB3F2DD4 /* portal_m02.usdz */,
				4CEC9CC1BB7E32287F1918D8 /* portal_m03.usdz */,
				60FC64A2111F381C8410CA68 /* portal_m04.usdz */,
				C4EF94E06BDA5FE33B1AEC67 /* portal_m05.usdz */,
				0C22858BC202ECBC898A8D72 /* portal_m06.usdz */,
				F29880C9F5A6D6BB81F9FE7F /* portal_m07.usdz */,
				AE743265CCCE9DB45DC7CEC4 /* portal_m08.usdz */,
				9FD3831E824DC288873D6B1C /* portal_m09.usdz */,
				48C36747C53B434BB3EEF034 /* portal_m10.usdz */,
				8F57FC6398A10D410CE9A232 /* portal_m11.usdz */,
				3948FE732BEB67AC7E55DF99 /* portal_m12.usdz */,
				C5848F6DF8941B25002F278E /* portal_m13.usdz */,
				E7D926027C6CFE136CEFF917 /* portal_m14.usdz */,
				69129AC42D7A667290927254 /* practice-window-frame.usdz */,
				6BD7933420EAC27F56D98950 /* privacy-shield.usdz */,
				23C75D3A9002A0E5847005E9 /* safety-props-set.usdz */,
				CDAE970EAD4B1268CE958205 /* theatre-environment.usdz */,
				337E25BA42FB1B8C937413EE /* xp-orb.usdz */,
			);
			name = USDZ;
			path = Media/3D/USDZ;
			sourceTree = "<group>";
		};
		C28B72367E7B7052BD1889D6 /* Authentication */ = {
			isa = PBXGroup;
			children = (
				CA757C1AD1292C2B8B01A5D0 /* AuthenticationModel.swift */,
				19DF7FD751A607D822ACA9E0 /* AuthenticationView.swift */,
			);
			path = Authentication;
			sourceTree = "<group>";
		};
		CE87E78559955DB4B7B82DE8 /* Docs */ = {
			isa = PBXGroup;
			children = (
				624B50D487DE0A63705BF569 /* CLINICAL_FACTS_EXTRACT.json */,
			);
			path = Docs;
			sourceTree = "<group>";
		};
		E2738179690FB8293225A4F6 /* AEDPractice */ = {
			isa = PBXGroup;
			children = (
				FBF3643E671D034583F581EB /* AEDPracticeView.swift */,
			);
			path = AEDPractice;
			sourceTree = "<group>";
		};
		F61AC3C088535A218E6F81AE /* Instructor */ = {
			isa = PBXGroup;
			children = (
				A1F54BAD8AA4DF74871D356B /* InstructorDashboardView.swift */,
			);
			path = Instructor;
			sourceTree = "<group>";
		};
		F811F8493B3620A33C113F89 /* Networking */ = {
			isa = PBXGroup;
			children = (
				67E2A5ADFE21D89BD1298071 /* .gitkeep */,
			);
			path = Networking;
			sourceTree = "<group>";
		};
		F84E1B491F102F53F765074A /* Gamification */ = {
			isa = PBXGroup;
			children = (
				95C6FF488A48BEF60D4365AB /* GamificationView.swift */,
			);
			path = Gamification;
			sourceTree = "<group>";
		};
		F94508641E0DFF0BB0915EEC /* Settings */ = {
			isa = PBXGroup;
			children = (
				A75B557DE09FD3DBDC1E12D4 /* SettingsView.swift */,
			);
			path = Settings;
			sourceTree = "<group>";
		};
		F9C713E81FAF1CF0E85DCFD5 /* Scenarios */ = {
			isa = PBXGroup;
			children = (
				8B7788B494A1474F6109D2E0 /* ScenariosView.swift */,
			);
			path = Scenarios;
			sourceTree = "<group>";
		};
/* End PBXGroup section */

/* Begin PBXNativeTarget section */
		0C70114BAC39A9370966E56A /* LifesaverVisionTests */ = {
			isa = PBXNativeTarget;
			buildConfigurationList = AA36DA75BD542D958A823B2A /* Build configuration list for PBXNativeTarget "LifesaverVisionTests" */;
			buildPhases = (
				702FBE3F6A08B1AC83A480A1 /* Sources */,
				F487C6BB500622840C610E12 /* Resources */,
			);
			buildRules = (
			);
			dependencies = (
				1BB3E5B9DD19F16D72415973 /* PBXTargetDependency */,
			);
			name = LifesaverVisionTests;
			packageProductDependencies = (
			);
			productName = LifesaverVisionTests;
			productReference = EFCC85261BAA2B8EA2C1EEE4 /* LifesaverVisionTests.xctest */;
			productType = "com.apple.product-type.bundle.unit-test";
		};
		6A728E3202E2250F222F31E4 /* LifesaverVisionUITests */ = {
			isa = PBXNativeTarget;
			buildConfigurationList = E3D0E15E25FC8F18F709A68C /* Build configuration list for PBXNativeTarget "LifesaverVisionUITests" */;
			buildPhases = (
				DD893C46C0EFD70398041AF2 /* Sources */,
			);
			buildRules = (
			);
			dependencies = (
				A076BF9F1273C40236B27594 /* PBXTargetDependency */,
			);
			name = LifesaverVisionUITests;
			packageProductDependencies = (
			);
			productName = LifesaverVisionUITests;
			productReference = 21A3C607CB1C194F81177CA2 /* LifesaverVisionUITests.xctest */;
			productType = "com.apple.product-type.bundle.ui-testing";
		};
		D5AD9D5BE731B129AF128C3B /* LifesaverVision */ = {
			isa = PBXNativeTarget;
			buildConfigurationList = 708A4B7624BD09792638678F /* Build configuration list for PBXNativeTarget "LifesaverVision" */;
			buildPhases = (
				77C083E2283F876D7AC6762E /* Validate loose RealityKit delivery assets */,
				2EC78C292EEE6FD327F1DC37 /* Sources */,
				55399063C358FEAFC17AB5B0 /* Resources */,
				7EE5CA5367D0198112D39CAF /* CopyFiles */,
				A3EEB5FE1E182214179733C8 /* Frameworks */,
			);
			buildRules = (
			);
			dependencies = (
			);
			name = LifesaverVision;
			packageProductDependencies = (
				176AB6C8009589981ABC8AA6 /* RealityKitContent */,
			);
			productName = LifesaverVision;
			productReference = 7DF5B09C284C49F4693D26AA /* LifesaverVision.app */;
			productType = "com.apple.product-type.application";
		};
/* End PBXNativeTarget section */

/* Begin PBXProject section */
		6D2D57D2D6DF2F5775A8EDC5 /* Project object */ = {
			isa = PBXProject;
			attributes = {
				BuildIndependentTargetsInParallel = YES;
				LastUpgradeCheck = 1430;
				TargetAttributes = {
					6A728E3202E2250F222F31E4 = {
						TestTargetID = D5AD9D5BE731B129AF128C3B;
					};
				};
			};
			buildConfigurationList = CB72A88AE0564DE881E88958 /* Build configuration list for PBXProject "LifesaverVision" */;
			developmentRegion = en;
			hasScannedForEncodings = 0;
			knownRegions = (
				Base,
				en,
			);
			mainGroup = B0D47034F2CC7B3A6625EDDF;
			minimizedProjectReferenceProxies = 1;
			packageReferences = (
				F2AFF51D913580B64254A339 /* XCLocalSwiftPackageReference "Packages/RealityKitContent" */,
			);
			preferredProjectObjectVersion = 77;
			productRefGroup = 439902F7B94E34743536D84B /* Products */;
			projectDirPath = "";
			projectRoot = "";
			targets = (
				D5AD9D5BE731B129AF128C3B /* LifesaverVision */,
				0C70114BAC39A9370966E56A /* LifesaverVisionTests */,
				6A728E3202E2250F222F31E4 /* LifesaverVisionUITests */,
			);
		};
/* End PBXProject section */

/* Begin PBXResourcesBuildPhase section */
		55399063C358FEAFC17AB5B0 /* Resources */ = {
			isa = PBXResourcesBuildPhase;
			buildActionMask = 2147483647;
			files = (
				E79E1934814928D371DC6631 /* .gitkeep in Resources */,
				25E2E6ABF69D8A3BBFBAA1A3 /* CLINICAL_FACTS_EXTRACT.json in Resources */,
				4D0C4B048551D5D58293FF62 /* PrivacyInfo.xcprivacy in Resources */,
				007E19463129031B7CB4984C /* badge_rules.json in Resources */,
				FBC50F12E137A5F0BAA80369 /* course_v1.json in Resources */,
				B44A0791971545943F837DC6 /* scenarios_v1.json in Resources */,
				FDB561D50E68C206C93650A4 /* spatial_asset_manifest_v1.json in Resources */,
				7A7D59D5D212352FDFFF002C /* theory_questions_v1.json in Resources */,
			);
			runOnlyForDeploymentPostprocessing = 0;
		};
		F487C6BB500622840C610E12 /* Resources */ = {
			isa = PBXResourcesBuildPhase;
			buildActionMask = 2147483647;
			files = (
				9552FA0E8426A2CD66A7F4D9 /* test_traceability_generator.py in Resources */,
			);
			runOnlyForDeploymentPostprocessing = 0;
		};
/* End PBXResourcesBuildPhase section */

/* Begin PBXShellScriptBuildPhase section */
		77C083E2283F876D7AC6762E /* Validate loose RealityKit delivery assets */ = {
			isa = PBXShellScriptBuildPhase;
			alwaysOutOfDate = 1;
			buildActionMask = 2147483647;
			files = (
			);
			inputFileListPaths = (
			);
			inputPaths = (
			);
			name = "Validate loose RealityKit delivery assets";
			outputFileListPaths = (
			);
			outputPaths = (
			);
			runOnlyForDeploymentPostprocessing = 0;
			shellPath = /bin/sh;
			shellScript = "set -euo pipefail\nPYTHONDONTWRITEBYTECODE=1 /usr/bin/python3 \"$SRCROOT/Scripts/validate_assets.py\"\n";
		};
/* End PBXShellScriptBuildPhase section */

/* Begin PBXSourcesBuildPhase section */
		2EC78C292EEE6FD327F1DC37 /* Sources */ = {
			isa = PBXSourcesBuildPhase;
			buildActionMask = 2147483647;
			files = (
				80470F2BE3E7E02110AC9AE2 /* AEDPracticeView.swift in Sources */,
				66727961FCADD16E8DCD0FCE /* AdministrationView.swift in Sources */,
				BBE811FE446E1AB7EDF5848A /* AppModel.swift in Sources */,
				A7023ABF38CEC51E560B0F6D /* AppleCredentialStateProvider.swift in Sources */,
				226271939940DE8C52BF5A0E /* ApplicationProtocols.swift in Sources */,
				D0BB61CFD188CA0014CA1EB8 /* AssessmentView.swift in Sources */,
				6B0F0F2D244065C526EC2374 /* AssetRegistry.swift in Sources */,
				B8EFF88EFCD81430447C537A /* AudioDirector.swift in Sources */,
				CA139B195F3BBCC078CACADD /* AuthenticationModel.swift in Sources */,
				A5A61C60D0423286BCA40725 /* AuthenticationView.swift in Sources */,
				0BF6C30E7AF11CCDF9ABAAB1 /* CPRPracticeView.swift in Sources */,
				89DCBC5D348AABEAEE3FF85A /* ClinicalContentModels.swift in Sources */,
				7D08CD511D4C00D9905DFDBD /* ClinicalSafetyValidator.swift in Sources */,
				E190871532CA1C2BF590E1D4 /* CohortReportExportService.swift in Sources */,
				31C02E12B4F9F786DD227D62 /* ContentVersionService.swift in Sources */,
				3B3B592B2F1EFECA1B2DF4EC /* CourseCatalogueView.swift in Sources */,
				04A6DF8D691B32A94D7C445A /* CourseEngine.swift in Sources */,
				1F4D323D9AE81F20A41C1BD9 /* CourseModels.swift in Sources */,
				BE7AF60656B0432F667F75B0 /* DashboardRootView.swift in Sources */,
				D585502CA819241FB38649A3 /* DashboardView.swift in Sources */,
				AE47F6695CB5AC73BF5D6031 /* GamificationEngine.swift in Sources */,
				A1CC684DBDA6ED7DCE94AEE3 /* GamificationModels.swift in Sources */,
				74C6876CEE0B238317F4286C /* GamificationView.swift in Sources */,
				BFDFC3D2C7F42382E07C8FAD /* HandTrackingService.swift in Sources */,
				F26B71208E2C08B006762FB3 /* InMemoryRepositories.swift in Sources */,
				FB54CC3AA9336C0CEED13F8E /* InstructorDashboardView.swift in Sources */,
				EF516A2309B8622C7201D308 /* Interactions.swift in Sources */,
				AFF03048BB35D9490863D65E /* KeychainStore.swift in Sources */,
				BBA818EF65FC6B2C4EB5D1FC /* LMSExportDocument.swift in Sources */,
				21133F968EE8435B7D66D722 /* LearningEventModels.swift in Sources */,
				F0F06BFCECB26ECF6ED5053E /* LearningLabRootView.swift in Sources */,
				DF85D43B3D24671C10922DF4 /* LifesaverVisionApp.swift in Sources */,
				A1F1526A7F1EDBC8344A04B6 /* LocalAuthenticationService.swift in Sources */,
				C95E563C97CB50F0AAB93400 /* OfflineFirstSyncService.swift in Sources */,
				2CD8857302B9E609DCFBB356 /* PersistenceBootstrap.swift in Sources */,
				BD75CE08005441F44FD239B4 /* Phase3BContentModels.swift in Sources */,
				AFC82F233B3E122B7FEA48F8 /* PrivacyModels.swift in Sources */,
				160B2F2C9ADE7632E096F59F /* PrivacyOperationsService.swift in Sources */,
				67651DBFFA041440042D1829 /* QuizSessionView.swift in Sources */,
				8D68767498262C9A01AA74A6 /* ScenariosView.swift in Sources */,
				2689B063C77FD3438F4A1995 /* ScenePlacement.swift in Sources */,
				91AFB7CC00E0D35B4427EB44 /* ScoringEngine.swift in Sources */,
				B629B6D72F0419BF48541F7E /* ScoringModels.swift in Sources */,
				4CBE4FB5C5E5C433C41AF551 /* SettingsView.swift in Sources */,
				2214C2287D36076C6715BBEC /* SimulationSpaceRootView.swift in Sources */,
				9DC84AE15CC29590B0D83D06 /* SpatialAccessibility.swift in Sources */,
				B7D83DFFB99193477D5E3ED8 /* SpatialLaboratoryView.swift in Sources */,
				5E2AC697B07D0A98C90CB0C9 /* SpatialRealityKit.swift in Sources */,
				0A73E9810163DB68D273F78F /* SwiftDataModels.swift in Sources */,
				FEDEEAA8E650DC042E77168B /* SwiftDataRepositories.swift in Sources */,
				E80AC71772F31DD2162EB8AF /* TheoryAssessmentEngine.swift in Sources */,
				05ECEC92388D8CA91BEABAD1 /* TheoryAssessmentModels.swift in Sources */,
				CDE5B4858B2FE516B5BC1E3E /* TheoryLearningView.swift in Sources */,
				F5A26414699CEF25569BE006 /* XAPIExportService.swift in Sources */,
			);
			runOnlyForDeploymentPostprocessing = 0;
		};
		702FBE3F6A08B1AC83A480A1 /* Sources */ = {
			isa = PBXSourcesBuildPhase;
			buildActionMask = 2147483647;
			files = (
				53204590BFE3F819C311F647 /* AuditAndSyncTests.swift in Sources */,
				2A611C32864BAB776D35FCFC /* AuthenticationAndReportTests.swift in Sources */,
				08C51299235D3B308BA92E67 /* ClinicalContentAndExportTests.swift in Sources */,
				55F54844E539B713CB9D405A /* CourseContentValidationTests.swift in Sources */,
				F47929C9FA6E10B78A66F6F3 /* LifesaverVisionTests.swift in Sources */,
				E8EF0E01D5068356283B85B5 /* ModulePresentationAccessTests.swift in Sources */,
				505DF9290C93533424D131AB /* Phase3BSchemaTests.swift in Sources */,
				329A16FB9956C1AB206E861E /* PrivacyOperationsTests.swift in Sources */,
				E78EF4E7D132349712AB38A3 /* RealityKitAssetTests.swift in Sources */,
				D02C663BCD1B767798DD645C /* ScoringAndGamificationTests.swift in Sources */,
				44250EB882FD971F6F235D37 /* SwiftDataRepositoryTests.swift in Sources */,
				FDC63AC85FCA1A728E44F5FA /* TheoryAssessmentEngineTests.swift in Sources */,
			);
			runOnlyForDeploymentPostprocessing = 0;
		};
		DD893C46C0EFD70398041AF2 /* Sources */ = {
			isa = PBXSourcesBuildPhase;
			buildActionMask = 2147483647;
			files = (
				14B8188F6AD841751980CE1B /* LifesaverVisionUITests.swift in Sources */,
			);
			runOnlyForDeploymentPostprocessing = 0;
		};
/* End PBXSourcesBuildPhase section */

/* Begin PBXTargetDependency section */
		1BB3E5B9DD19F16D72415973 /* PBXTargetDependency */ = {
			isa = PBXTargetDependency;
			target = D5AD9D5BE731B129AF128C3B /* LifesaverVision */;
			targetProxy = BC76DFF96C654EDEBBF92D36 /* PBXContainerItemProxy */;
		};
		A076BF9F1273C40236B27594 /* PBXTargetDependency */ = {
			isa = PBXTargetDependency;
			target = D5AD9D5BE731B129AF128C3B /* LifesaverVision */;
			targetProxy = 78A4E5B613A27B2C939F2618 /* PBXContainerItemProxy */;
		};
/* End PBXTargetDependency section */

/* Begin XCBuildConfiguration section */
		0ADA15938A9AB7A298119923 /* Debug-Beta */ = {
			isa = XCBuildConfiguration;
			buildSettings = {
				ALWAYS_SEARCH_USER_PATHS = NO;
				CLANG_ANALYZER_NONNULL = YES;
				CLANG_ANALYZER_NUMBER_OBJECT_CONVERSION = YES_AGGRESSIVE;
				CLANG_CXX_LANGUAGE_STANDARD = "gnu++14";
				CLANG_CXX_LIBRARY = "libc++";
				CLANG_ENABLE_MODULES = YES;
				CLANG_ENABLE_OBJC_ARC = YES;
				CLANG_ENABLE_OBJC_WEAK = YES;
				CLANG_WARN_BLOCK_CAPTURE_AUTORELEASING = YES;
				CLANG_WARN_BOOL_CONVERSION = YES;
				CLANG_WARN_COMMA = YES;
				CLANG_WARN_CONSTANT_CONVERSION = YES;
				CLANG_WARN_DEPRECATED_OBJC_IMPLEMENTATIONS = YES;
				CLANG_WARN_DIRECT_OBJC_ISA_USAGE = YES_ERROR;
				CLANG_WARN_DOCUMENTATION_COMMENTS = YES;
				CLANG_WARN_EMPTY_BODY = YES;
				CLANG_WARN_ENUM_CONVERSION = YES;
				CLANG_WARN_INFINITE_RECURSION = YES;
				CLANG_WARN_INT_CONVERSION = YES;
				CLANG_WARN_NON_LITERAL_NULL_CONVERSION = YES;
				CLANG_WARN_OBJC_IMPLICIT_RETAIN_SELF = YES;
				CLANG_WARN_OBJC_LITERAL_CONVERSION = YES;
				CLANG_WARN_OBJC_ROOT_CLASS = YES_ERROR;
				CLANG_WARN_QUOTED_INCLUDE_IN_FRAMEWORK_HEADER = YES;
				CLANG_WARN_RANGE_LOOP_ANALYSIS = YES;
				CLANG_WARN_STRICT_PROTOTYPES = YES;
				CLANG_WARN_SUSPICIOUS_MOVE = YES;
				CLANG_WARN_UNGUARDED_AVAILABILITY = YES_AGGRESSIVE;
				CLANG_WARN_UNREACHABLE_CODE = YES;
				CLANG_WARN__DUPLICATE_METHOD_MATCH = YES;
				COPY_PHASE_STRIP = NO;
				CURRENT_PROJECT_VERSION = 1;
				DEBUG_INFORMATION_FORMAT = dwarf;
				ENABLE_STRICT_OBJC_MSGSEND = YES;
				ENABLE_TESTABILITY = YES;
				GCC_C_LANGUAGE_STANDARD = gnu11;
				GCC_DYNAMIC_NO_PIC = NO;
				GCC_NO_COMMON_BLOCKS = YES;
				GCC_OPTIMIZATION_LEVEL = 0;
				GCC_PREPROCESSOR_DEFINITIONS = (
					"$(inherited)",
					"DEBUG=1",
				);
				GCC_WARN_64_TO_32_BIT_CONVERSION = YES;
				GCC_WARN_ABOUT_RETURN_TYPE = YES_ERROR;
				GCC_WARN_UNDECLARED_SELECTOR = YES;
				GCC_WARN_UNINITIALIZED_AUTOS = YES_AGGRESSIVE;
				GCC_WARN_UNUSED_FUNCTION = YES;
				GCC_WARN_UNUSED_VARIABLE = YES;
				MARKETING_VERSION = 0.1.0;
				MTL_ENABLE_DEBUG_INFO = INCLUDE_SOURCE;
				MTL_FAST_MATH = YES;
				ONLY_ACTIVE_ARCH = YES;
				PRODUCT_NAME = "$(TARGET_NAME)";
				SDKROOT = xros;
				SWIFT_ACTIVE_COMPILATION_CONDITIONS = DEBUG;
				SWIFT_OPTIMIZATION_LEVEL = "-Onone";
				SWIFT_STRICT_CONCURRENCY = complete;
				SWIFT_VERSION = 6.0;
				XROS_DEPLOYMENT_TARGET = 26.0;
			};
			name = "Debug-Beta";
		};
		0F5E9855921AA0AEAFB9E458 /* Demo */ = {
			isa = XCBuildConfiguration;
			buildSettings = {
				BUNDLE_LOADER = "$(TEST_HOST)";
				GENERATE_INFOPLIST_FILE = YES;
				LD_RUNPATH_SEARCH_PATHS = (
					"$(inherited)",
					"@executable_path/Frameworks",
					"@loader_path/Frameworks",
				);
				PRODUCT_BUNDLE_IDENTIFIER = com.lifesaver.vision.tests;
				SDKROOT = xros;
				TARGETED_DEVICE_FAMILY = 7;
				TEST_HOST = "$(BUILT_PRODUCTS_DIR)/LifesaverVision.app/LifesaverVision";
				XROS_DEPLOYMENT_TARGET = 26.0;
			};
			name = Demo;
		};
		25325F3CA45EC3DD542B3E71 /* Release-Stable */ = {
			isa = XCBuildConfiguration;
			buildSettings = {
				ALWAYS_SEARCH_USER_PATHS = NO;
				CLANG_ANALYZER_NONNULL = YES;
				CLANG_ANALYZER_NUMBER_OBJECT_CONVERSION = YES_AGGRESSIVE;
				CLANG_CXX_LANGUAGE_STANDARD = "gnu++14";
				CLANG_CXX_LIBRARY = "libc++";
				CLANG_ENABLE_MODULES = YES;
				CLANG_ENABLE_OBJC_ARC = YES;
				CLANG_ENABLE_OBJC_WEAK = YES;
				CLANG_WARN_BLOCK_CAPTURE_AUTORELEASING = YES;
				CLANG_WARN_BOOL_CONVERSION = YES;
				CLANG_WARN_COMMA = YES;
				CLANG_WARN_CONSTANT_CONVERSION = YES;
				CLANG_WARN_DEPRECATED_OBJC_IMPLEMENTATIONS = YES;
				CLANG_WARN_DIRECT_OBJC_ISA_USAGE = YES_ERROR;
				CLANG_WARN_DOCUMENTATION_COMMENTS = YES;
				CLANG_WARN_EMPTY_BODY = YES;
				CLANG_WARN_ENUM_CONVERSION = YES;
				CLANG_WARN_INFINITE_RECURSION = YES;
				CLANG_WARN_INT_CONVERSION = YES;
				CLANG_WARN_NON_LITERAL_NULL_CONVERSION = YES;
				CLANG_WARN_OBJC_IMPLICIT_RETAIN_SELF = YES;
				CLANG_WARN_OBJC_LITERAL_CONVERSION = YES;
				CLANG_WARN_OBJC_ROOT_CLASS = YES_ERROR;
				CLANG_WARN_QUOTED_INCLUDE_IN_FRAMEWORK_HEADER = YES;
				CLANG_WARN_RANGE_LOOP_ANALYSIS = YES;
				CLANG_WARN_STRICT_PROTOTYPES = YES;
				CLANG_WARN_SUSPICIOUS_MOVE = YES;
				CLANG_WARN_UNGUARDED_AVAILABILITY = YES_AGGRESSIVE;
				CLANG_WARN_UNREACHABLE_CODE = YES;
				CLANG_WARN__DUPLICATE_METHOD_MATCH = YES;
				COPY_PHASE_STRIP = NO;
				CURRENT_PROJECT_VERSION = 1;
				DEBUG_INFORMATION_FORMAT = "dwarf-with-dsym";
				ENABLE_NS_ASSERTIONS = NO;
				ENABLE_STRICT_OBJC_MSGSEND = YES;
				GCC_C_LANGUAGE_STANDARD = gnu11;
				GCC_NO_COMMON_BLOCKS = YES;
				GCC_WARN_64_TO_32_BIT_CONVERSION = YES;
				GCC_WARN_ABOUT_RETURN_TYPE = YES_ERROR;
				GCC_WARN_UNDECLARED_SELECTOR = YES;
				GCC_WARN_UNINITIALIZED_AUTOS = YES_AGGRESSIVE;
				GCC_WARN_UNUSED_FUNCTION = YES;
				GCC_WARN_UNUSED_VARIABLE = YES;
				MARKETING_VERSION = 0.1.0;
				MTL_ENABLE_DEBUG_INFO = NO;
				MTL_FAST_MATH = YES;
				PRODUCT_NAME = "$(TARGET_NAME)";
				SDKROOT = xros;
				SWIFT_COMPILATION_MODE = wholemodule;
				SWIFT_OPTIMIZATION_LEVEL = "-O";
				SWIFT_STRICT_CONCURRENCY = complete;
				SWIFT_VERSION = 6.0;
				XROS_DEPLOYMENT_TARGET = 26.0;
			};
			name = "Release-Stable";
		};
		31295F2A3A89314AFA9AC026 /* Demo */ = {
			isa = XCBuildConfiguration;
			buildSettings = {
				ASSETCATALOG_COMPILER_APPICON_NAME = AppIcon;
				CODE_SIGN_ENTITLEMENTS = App/LifesaverVision.entitlements;
				INFOPLIST_FILE = App/Info.plist;
				LD_RUNPATH_SEARCH_PATHS = (
					"$(inherited)",
					"@executable_path/Frameworks",
				);
				PRODUCT_BUNDLE_IDENTIFIER = com.lifesaver.vision;
				PRODUCT_NAME = LifesaverVision;
				SDKROOT = xros;
				SWIFT_ACTIVE_COMPILATION_CONDITIONS = "DEBUG DEMO";
				TARGETED_DEVICE_FAMILY = 7;
				XROS_DEPLOYMENT_TARGET = 26.0;
			};
			name = Demo;
		};
		323A39AB1F9BCAAAB7C5604F /* UITest */ = {
			isa = XCBuildConfiguration;
			buildSettings = {
				BUNDLE_LOADER = "$(TEST_HOST)";
				GENERATE_INFOPLIST_FILE = YES;
				LD_RUNPATH_SEARCH_PATHS = (
					"$(inherited)",
					"@executable_path/Frameworks",
					"@loader_path/Frameworks",
				);
				PRODUCT_BUNDLE_IDENTIFIER = com.lifesaver.vision.uitests;
				SDKROOT = xros;
				TARGETED_DEVICE_FAMILY = 7;
				TEST_TARGET_NAME = LifesaverVision;
				XROS_DEPLOYMENT_TARGET = 26.0;
			};
			name = UITest;
		};
		3598C34587664FC572857E2A /* Demo */ = {
			isa = XCBuildConfiguration;
			buildSettings = {
				ALWAYS_SEARCH_USER_PATHS = NO;
				CLANG_ANALYZER_NONNULL = YES;
				CLANG_ANALYZER_NUMBER_OBJECT_CONVERSION = YES_AGGRESSIVE;
				CLANG_CXX_LANGUAGE_STANDARD = "gnu++14";
				CLANG_CXX_LIBRARY = "libc++";
				CLANG_ENABLE_MODULES = YES;
				CLANG_ENABLE_OBJC_ARC = YES;
				CLANG_ENABLE_OBJC_WEAK = YES;
				CLANG_WARN_BLOCK_CAPTURE_AUTORELEASING = YES;
				CLANG_WARN_BOOL_CONVERSION = YES;
				CLANG_WARN_COMMA = YES;
				CLANG_WARN_CONSTANT_CONVERSION = YES;
				CLANG_WARN_DEPRECATED_OBJC_IMPLEMENTATIONS = YES;
				CLANG_WARN_DIRECT_OBJC_ISA_USAGE = YES_ERROR;
				CLANG_WARN_DOCUMENTATION_COMMENTS = YES;
				CLANG_WARN_EMPTY_BODY = YES;
				CLANG_WARN_ENUM_CONVERSION = YES;
				CLANG_WARN_INFINITE_RECURSION = YES;
				CLANG_WARN_INT_CONVERSION = YES;
				CLANG_WARN_NON_LITERAL_NULL_CONVERSION = YES;
				CLANG_WARN_OBJC_IMPLICIT_RETAIN_SELF = YES;
				CLANG_WARN_OBJC_LITERAL_CONVERSION = YES;
				CLANG_WARN_OBJC_ROOT_CLASS = YES_ERROR;
				CLANG_WARN_QUOTED_INCLUDE_IN_FRAMEWORK_HEADER = YES;
				CLANG_WARN_RANGE_LOOP_ANALYSIS = YES;
				CLANG_WARN_STRICT_PROTOTYPES = YES;
				CLANG_WARN_SUSPICIOUS_MOVE = YES;
				CLANG_WARN_UNGUARDED_AVAILABILITY = YES_AGGRESSIVE;
				CLANG_WARN_UNREACHABLE_CODE = YES;
				CLANG_WARN__DUPLICATE_METHOD_MATCH = YES;
				COPY_PHASE_STRIP = NO;
				CURRENT_PROJECT_VERSION = 1;
				DEBUG_INFORMATION_FORMAT = dwarf;
				ENABLE_STRICT_OBJC_MSGSEND = YES;
				ENABLE_TESTABILITY = YES;
				GCC_C_LANGUAGE_STANDARD = gnu11;
				GCC_DYNAMIC_NO_PIC = NO;
				GCC_NO_COMMON_BLOCKS = YES;
				GCC_OPTIMIZATION_LEVEL = 0;
				GCC_PREPROCESSOR_DEFINITIONS = (
					"$(inherited)",
					"DEBUG=1",
				);
				GCC_WARN_64_TO_32_BIT_CONVERSION = YES;
				GCC_WARN_ABOUT_RETURN_TYPE = YES_ERROR;
				GCC_WARN_UNDECLARED_SELECTOR = YES;
				GCC_WARN_UNINITIALIZED_AUTOS = YES_AGGRESSIVE;
				GCC_WARN_UNUSED_FUNCTION = YES;
				GCC_WARN_UNUSED_VARIABLE = YES;
				MARKETING_VERSION = 0.1.0;
				MTL_ENABLE_DEBUG_INFO = INCLUDE_SOURCE;
				MTL_FAST_MATH = YES;
				ONLY_ACTIVE_ARCH = YES;
				PRODUCT_NAME = "$(TARGET_NAME)";
				SDKROOT = xros;
				SWIFT_ACTIVE_COMPILATION_CONDITIONS = DEBUG;
				SWIFT_OPTIMIZATION_LEVEL = "-Onone";
				SWIFT_STRICT_CONCURRENCY = complete;
				SWIFT_VERSION = 6.0;
				XROS_DEPLOYMENT_TARGET = 26.0;
			};
			name = Demo;
		};
		62DE2B70C6DCA33604EC3BF9 /* Release-Stable */ = {
			isa = XCBuildConfiguration;
			buildSettings = {
				ASSETCATALOG_COMPILER_APPICON_NAME = AppIcon;
				CODE_SIGN_ENTITLEMENTS = App/LifesaverVision.entitlements;
				INFOPLIST_FILE = App/Info.plist;
				LD_RUNPATH_SEARCH_PATHS = (
					"$(inherited)",
					"@executable_path/Frameworks",
				);
				PRODUCT_BUNDLE_IDENTIFIER = com.lifesaver.vision;
				PRODUCT_NAME = LifesaverVision;
				SDKROOT = xros;
				SWIFT_ACTIVE_COMPILATION_CONDITIONS = STABLE;
				TARGETED_DEVICE_FAMILY = 7;
				XROS_DEPLOYMENT_TARGET = 26.0;
			};
			name = "Release-Stable";
		};
		6827B37AA24AECD9CD8E6533 /* UITest */ = {
			isa = XCBuildConfiguration;
			buildSettings = {
				ALWAYS_SEARCH_USER_PATHS = NO;
				CLANG_ANALYZER_NONNULL = YES;
				CLANG_ANALYZER_NUMBER_OBJECT_CONVERSION = YES_AGGRESSIVE;
				CLANG_CXX_LANGUAGE_STANDARD = "gnu++14";
				CLANG_CXX_LIBRARY = "libc++";
				CLANG_ENABLE_MODULES = YES;
				CLANG_ENABLE_OBJC_ARC = YES;
				CLANG_ENABLE_OBJC_WEAK = YES;
				CLANG_WARN_BLOCK_CAPTURE_AUTORELEASING = YES;
				CLANG_WARN_BOOL_CONVERSION = YES;
				CLANG_WARN_COMMA = YES;
				CLANG_WARN_CONSTANT_CONVERSION = YES;
				CLANG_WARN_DEPRECATED_OBJC_IMPLEMENTATIONS = YES;
				CLANG_WARN_DIRECT_OBJC_ISA_USAGE = YES_ERROR;
				CLANG_WARN_DOCUMENTATION_COMMENTS = YES;
				CLANG_WARN_EMPTY_BODY = YES;
				CLANG_WARN_ENUM_CONVERSION = YES;
				CLANG_WARN_INFINITE_RECURSION = YES;
				CLANG_WARN_INT_CONVERSION = YES;
				CLANG_WARN_NON_LITERAL_NULL_CONVERSION = YES;
				CLANG_WARN_OBJC_IMPLICIT_RETAIN_SELF = YES;
				CLANG_WARN_OBJC_LITERAL_CONVERSION = YES;
				CLANG_WARN_OBJC_ROOT_CLASS = YES_ERROR;
				CLANG_WARN_QUOTED_INCLUDE_IN_FRAMEWORK_HEADER = YES;
				CLANG_WARN_RANGE_LOOP_ANALYSIS = YES;
				CLANG_WARN_STRICT_PROTOTYPES = YES;
				CLANG_WARN_SUSPICIOUS_MOVE = YES;
				CLANG_WARN_UNGUARDED_AVAILABILITY = YES_AGGRESSIVE;
				CLANG_WARN_UNREACHABLE_CODE = YES;
				CLANG_WARN__DUPLICATE_METHOD_MATCH = YES;
				COPY_PHASE_STRIP = NO;
				CURRENT_PROJECT_VERSION = 1;
				DEBUG_INFORMATION_FORMAT = dwarf;
				ENABLE_STRICT_OBJC_MSGSEND = YES;
				ENABLE_TESTABILITY = YES;
				GCC_C_LANGUAGE_STANDARD = gnu11;
				GCC_DYNAMIC_NO_PIC = NO;
				GCC_NO_COMMON_BLOCKS = YES;
				GCC_OPTIMIZATION_LEVEL = 0;
				GCC_PREPROCESSOR_DEFINITIONS = (
					"$(inherited)",
					"DEBUG=1",
				);
				GCC_WARN_64_TO_32_BIT_CONVERSION = YES;
				GCC_WARN_ABOUT_RETURN_TYPE = YES_ERROR;
				GCC_WARN_UNDECLARED_SELECTOR = YES;
				GCC_WARN_UNINITIALIZED_AUTOS = YES_AGGRESSIVE;
				GCC_WARN_UNUSED_FUNCTION = YES;
				GCC_WARN_UNUSED_VARIABLE = YES;
				MARKETING_VERSION = 0.1.0;
				MTL_ENABLE_DEBUG_INFO = INCLUDE_SOURCE;
				MTL_FAST_MATH = YES;
				ONLY_ACTIVE_ARCH = YES;
				PRODUCT_NAME = "$(TARGET_NAME)";
				SDKROOT = xros;
				SWIFT_ACTIVE_COMPILATION_CONDITIONS = DEBUG;
				SWIFT_OPTIMIZATION_LEVEL = "-Onone";
				SWIFT_STRICT_CONCURRENCY = complete;
				SWIFT_VERSION = 6.0;
				XROS_DEPLOYMENT_TARGET = 26.0;
			};
			name = UITest;
		};
		7184BAA44C475F6D021CB8B9 /* Debug-Beta */ = {
			isa = XCBuildConfiguration;
			buildSettings = {
				BUNDLE_LOADER = "$(TEST_HOST)";
				GENERATE_INFOPLIST_FILE = YES;
				LD_RUNPATH_SEARCH_PATHS = (
					"$(inherited)",
					"@executable_path/Frameworks",
					"@loader_path/Frameworks",
				);
				PRODUCT_BUNDLE_IDENTIFIER = com.lifesaver.vision.tests;
				SDKROOT = xros;
				TARGETED_DEVICE_FAMILY = 7;
				TEST_HOST = "$(BUILT_PRODUCTS_DIR)/LifesaverVision.app/LifesaverVision";
				XROS_DEPLOYMENT_TARGET = 26.0;
			};
			name = "Debug-Beta";
		};
		9349CBCE9B7E17127CD4BD9A /* UITest */ = {
			isa = XCBuildConfiguration;
			buildSettings = {
				ASSETCATALOG_COMPILER_APPICON_NAME = AppIcon;
				CODE_SIGN_ENTITLEMENTS = App/LifesaverVision.entitlements;
				INFOPLIST_FILE = App/Info.plist;
				LD_RUNPATH_SEARCH_PATHS = (
					"$(inherited)",
					"@executable_path/Frameworks",
				);
				PRODUCT_BUNDLE_IDENTIFIER = com.lifesaver.vision;
				PRODUCT_NAME = LifesaverVision;
				SDKROOT = xros;
				SWIFT_ACTIVE_COMPILATION_CONDITIONS = "DEBUG UITEST";
				TARGETED_DEVICE_FAMILY = 7;
				XROS_DEPLOYMENT_TARGET = 26.0;
			};
			name = UITest;
		};
		9C978F8085D4D30EF6C63CD1 /* Demo */ = {
			isa = XCBuildConfiguration;
			buildSettings = {
				BUNDLE_LOADER = "$(TEST_HOST)";
				GENERATE_INFOPLIST_FILE = YES;
				LD_RUNPATH_SEARCH_PATHS = (
					"$(inherited)",
					"@executable_path/Frameworks",
					"@loader_path/Frameworks",
				);
				PRODUCT_BUNDLE_IDENTIFIER = com.lifesaver.vision.uitests;
				SDKROOT = xros;
				TARGETED_DEVICE_FAMILY = 7;
				TEST_TARGET_NAME = LifesaverVision;
				XROS_DEPLOYMENT_TARGET = 26.0;
			};
			name = Demo;
		};
		A32F023771CAAE4614A23198 /* Debug-Beta */ = {
			isa = XCBuildConfiguration;
			buildSettings = {
				ASSETCATALOG_COMPILER_APPICON_NAME = AppIcon;
				CODE_SIGN_ENTITLEMENTS = App/LifesaverVision.entitlements;
				INFOPLIST_FILE = App/Info.plist;
				LD_RUNPATH_SEARCH_PATHS = (
					"$(inherited)",
					"@executable_path/Frameworks",
				);
				PRODUCT_BUNDLE_IDENTIFIER = com.lifesaver.vision;
				PRODUCT_NAME = LifesaverVision;
				SDKROOT = xros;
				SWIFT_ACTIVE_COMPILATION_CONDITIONS = "DEBUG BETA";
				TARGETED_DEVICE_FAMILY = 7;
				XROS_DEPLOYMENT_TARGET = 26.0;
			};
			name = "Debug-Beta";
		};
		D798CD0A38F89B6E44087614 /* Debug-Beta */ = {
			isa = XCBuildConfiguration;
			buildSettings = {
				BUNDLE_LOADER = "$(TEST_HOST)";
				GENERATE_INFOPLIST_FILE = YES;
				LD_RUNPATH_SEARCH_PATHS = (
					"$(inherited)",
					"@executable_path/Frameworks",
					"@loader_path/Frameworks",
				);
				PRODUCT_BUNDLE_IDENTIFIER = com.lifesaver.vision.uitests;
				SDKROOT = xros;
				TARGETED_DEVICE_FAMILY = 7;
				TEST_TARGET_NAME = LifesaverVision;
				XROS_DEPLOYMENT_TARGET = 26.0;
			};
			name = "Debug-Beta";
		};
		EBA43086D759B156CE52A18D /* UITest */ = {
			isa = XCBuildConfiguration;
			buildSettings = {
				BUNDLE_LOADER = "$(TEST_HOST)";
				GENERATE_INFOPLIST_FILE = YES;
				LD_RUNPATH_SEARCH_PATHS = (
					"$(inherited)",
					"@executable_path/Frameworks",
					"@loader_path/Frameworks",
				);
				PRODUCT_BUNDLE_IDENTIFIER = com.lifesaver.vision.tests;
				SDKROOT = xros;
				TARGETED_DEVICE_FAMILY = 7;
				TEST_HOST = "$(BUILT_PRODUCTS_DIR)/LifesaverVision.app/LifesaverVision";
				XROS_DEPLOYMENT_TARGET = 26.0;
			};
			name = UITest;
		};
		EC5F89339115564B995829E2 /* Release-Stable */ = {
			isa = XCBuildConfiguration;
			buildSettings = {
				BUNDLE_LOADER = "$(TEST_HOST)";
				GENERATE_INFOPLIST_FILE = YES;
				LD_RUNPATH_SEARCH_PATHS = (
					"$(inherited)",
					"@executable_path/Frameworks",
					"@loader_path/Frameworks",
				);
				PRODUCT_BUNDLE_IDENTIFIER = com.lifesaver.vision.tests;
				SDKROOT = xros;
				TARGETED_DEVICE_FAMILY = 7;
				TEST_HOST = "$(BUILT_PRODUCTS_DIR)/LifesaverVision.app/LifesaverVision";
				XROS_DEPLOYMENT_TARGET = 26.0;
			};
			name = "Release-Stable";
		};
		FBA3D67AA281E83C270CCE89 /* Release-Stable */ = {
			isa = XCBuildConfiguration;
			buildSettings = {
				BUNDLE_LOADER = "$(TEST_HOST)";
				GENERATE_INFOPLIST_FILE = YES;
				LD_RUNPATH_SEARCH_PATHS = (
					"$(inherited)",
					"@executable_path/Frameworks",
					"@loader_path/Frameworks",
				);
				PRODUCT_BUNDLE_IDENTIFIER = com.lifesaver.vision.uitests;
				SDKROOT = xros;
				TARGETED_DEVICE_FAMILY = 7;
				TEST_TARGET_NAME = LifesaverVision;
				XROS_DEPLOYMENT_TARGET = 26.0;
			};
			name = "Release-Stable";
		};
/* End XCBuildConfiguration section */

/* Begin XCConfigurationList section */
		708A4B7624BD09792638678F /* Build configuration list for PBXNativeTarget "LifesaverVision" */ = {
			isa = XCConfigurationList;
			buildConfigurations = (
				A32F023771CAAE4614A23198 /* Debug-Beta */,
				31295F2A3A89314AFA9AC026 /* Demo */,
				62DE2B70C6DCA33604EC3BF9 /* Release-Stable */,
				9349CBCE9B7E17127CD4BD9A /* UITest */,
			);
			defaultConfigurationIsVisible = 0;
			defaultConfigurationName = "Debug-Beta";
		};
		AA36DA75BD542D958A823B2A /* Build configuration list for PBXNativeTarget "LifesaverVisionTests" */ = {
			isa = XCConfigurationList;
			buildConfigurations = (
				7184BAA44C475F6D021CB8B9 /* Debug-Beta */,
				0F5E9855921AA0AEAFB9E458 /* Demo */,
				EC5F89339115564B995829E2 /* Release-Stable */,
				EBA43086D759B156CE52A18D /* UITest */,
			);
			defaultConfigurationIsVisible = 0;
			defaultConfigurationName = "Debug-Beta";
		};
		CB72A88AE0564DE881E88958 /* Build configuration list for PBXProject "LifesaverVision" */ = {
			isa = XCConfigurationList;
			buildConfigurations = (
				0ADA15938A9AB7A298119923 /* Debug-Beta */,
				3598C34587664FC572857E2A /* Demo */,
				25325F3CA45EC3DD542B3E71 /* Release-Stable */,
				6827B37AA24AECD9CD8E6533 /* UITest */,
			);
			defaultConfigurationIsVisible = 0;
			defaultConfigurationName = "Debug-Beta";
		};
		E3D0E15E25FC8F18F709A68C /* Build configuration list for PBXNativeTarget "LifesaverVisionUITests" */ = {
			isa = XCConfigurationList;
			buildConfigurations = (
				D798CD0A38F89B6E44087614 /* Debug-Beta */,
				9C978F8085D4D30EF6C63CD1 /* Demo */,
				FBA3D67AA281E83C270CCE89 /* Release-Stable */,
				323A39AB1F9BCAAAB7C5604F /* UITest */,
			);
			defaultConfigurationIsVisible = 0;
			defaultConfigurationName = "Debug-Beta";
		};
/* End XCConfigurationList section */

/* Begin XCLocalSwiftPackageReference section */
		F2AFF51D913580B64254A339 /* XCLocalSwiftPackageReference "Packages/RealityKitContent" */ = {
			isa = XCLocalSwiftPackageReference;
			relativePath = Packages/RealityKitContent;
		};
/* End XCLocalSwiftPackageReference section */

/* Begin XCSwiftPackageProductDependency section */
		176AB6C8009589981ABC8AA6 /* RealityKitContent */ = {
			isa = XCSwiftPackageProductDependency;
			productName = RealityKitContent;
		};
/* End XCSwiftPackageProductDependency section */
	};
	rootObject = 6D2D57D2D6DF2F5775A8EDC5 /* Project object */;
}
